// !$*UTF8*$!
{
	archiveVersion = 1;
	classes = {
	};
	objectVersion = 77;
	objects = {

/* Begin PBXBuildFile section */
		0D102DCD2DC7F51F0017073B /* Assets.xcassets in Resources */ = {isa = PBXBuildFile; fileRef = 0D102DC82DC7F51F0017073B /* Assets.xcassets */; };
		0D102DCE2DC7F51F0017073B /* ContentView.swift in Sources */ = {isa = PBXBuildFile; fileRef = 0D102DC92DC7F51F0017073B /* ContentView.swift */; };
		0D102DCF2DC7F51F0017073B /* DocmeApp.swift in Sources */ = {isa = PBXBuildFile; fileRef = 0D102DCA2DC7F51F0017073B /* DocmeApp.swift */; };
		0D102DD72DC7F6510017073B /* Theme.swift in Sources */ = {isa = PBXBuildFile; fileRef = 0D102DD62DC7F64E0017073B /* Theme.swift */; };
		0D102DDE2DC7F7B30017073B /* Color+.swift in Sources */ = {isa = PBXBuildFile; fileRef = 0D102DDD2DC7F7B10017073B /* Color+.swift */; };
		0D102DE62DC7FBDE0017073B /* DS.swift in Sources */ = {isa = PBXBuildFile; fileRef = 0D102DE52DC7FBDD0017073B /* DS.swift */; };
		0D102DE82DC806B70017073B /* Font.swift in Sources */ = {isa = PBXBuildFile; fileRef = 0D102DE72DC806B20017073B /* Font.swift */; };
		0D102DEB2DC806DF0017073B /* Text+.swift in Sources */ = {isa = PBXBuildFile; fileRef = 0D102DEA2DC806DD0017073B /* Text+.swift */; };
		0D102DEF2DC80C110017073B /* Fab.swift in Sources */ = {isa = PBXBuildFile; fileRef = 0D102DEE2DC80C0D0017073B /* Fab.swift */; };
		0D102DF12DC80C890017073B /* ImageIcon.swift in Sources */ = {isa = PBXBuildFile; fileRef = 0D102DF02DC80C870017073B /* ImageIcon.swift */; };
		0D102DF42DC80D200017073B /* IconImages.xcassets in Resources */ = {isa = PBXBuildFile; fileRef = 0D102DF32DC80D200017073B /* IconImages.xcassets */; };
		0D102DF72DC810050017073B /* String+.swift in Sources */ = {isa = PBXBuildFile; fileRef = 0D102DF62DC810020017073B /* String+.swift */; };
		0D102DF92DC815EA0017073B /* Title.swift in Sources */ = {isa = PBXBuildFile; fileRef = 0D102DF82DC815E80017073B /* Title.swift */; };
		0D102DFB2DC817330017073B /* BottomBar.swift in Sources */ = {isa = PBXBuildFile; fileRef = 0D102DFA2DC8172F0017073B /* BottomBar.swift */; };
		0D102E002DC818AC0017073B /* View+Shadow.swift in Sources */ = {isa = PBXBuildFile; fileRef = 0D102DFF2DC8189D0017073B /* View+Shadow.swift */; };
		0D102E022DC8D4200017073B /* DocumentCard.swift in Sources */ = {isa = PBXBuildFile; fileRef = 0D102E012DC8D41B0017073B /* DocumentCard.swift */; };
		0D102E052DC8D6B90017073B /* DefaultImageManager.swift in Sources */ = {isa = PBXBuildFile; fileRef = 0D102E042DC8D6B50017073B /* DefaultImageManager.swift */; };
		0D102E0A2DC8DAC50017073B /* ImageManager.swift in Sources */ = {isa = PBXBuildFile; fileRef = 0D102E092DC8DAC20017073B /* ImageManager.swift */; };
		0D102E0C2DC8E3210017073B /* ActivityIndicator.swift in Sources */ = {isa = PBXBuildFile; fileRef = 0D102E0B2DC8E2F50017073B /* ActivityIndicator.swift */; };
		0D102E0F2DC8F22C0017073B /* Date+.swift in Sources */ = {isa = PBXBuildFile; fileRef = 0D102E0E2DC8F22A0017073B /* Date+.swift */; };
		0D102E112DC933440017073B /* TopBar.swift in Sources */ = {isa = PBXBuildFile; fileRef = 0D102E102DC9333E0017073B /* TopBar.swift */; };
		0D102E142DC934130017073B /* Tag.swift in Sources */ = {isa = PBXBuildFile; fileRef = 0D102E132DC9340F0017073B /* Tag.swift */; };
		0D102E162DC93B550017073B /* ItemsList.swift in Sources */ = {isa = PBXBuildFile; fileRef = 0D102E152DC93B300017073B /* ItemsList.swift */; };
		0D102E192DC93C460017073B /* ListItem.swift in Sources */ = {isa = PBXBuildFile; fileRef = 0D102E182DC93C420017073B /* ListItem.swift */; };
/* End PBXBuildFile section */

/* Begin PBXFileReference section */
		0D102DAF2DC7F39C0017073B /* Docme.app */ = {isa = PBXFileReference; explicitFileType = wrapper.application; includeInIndex = 0; path = Docme.app; sourceTree = BUILT_PRODUCTS_DIR; };
		0D102DC82DC7F51F0017073B /* Assets.xcassets */ = {isa = PBXFileReference; lastKnownFileType = folder.assetcatalog; path = Assets.xcassets; sourceTree = "<group>"; };
		0D102DC92DC7F51F0017073B /* ContentView.swift */ = {isa = PBXFileReference; lastKnownFileType = sourcecode.swift; path = ContentView.swift; sourceTree = "<group>"; };
		0D102DCA2DC7F51F0017073B /* DocmeApp.swift */ = {isa = PBXFileReference; lastKnownFileType = sourcecode.swift; path = DocmeApp.swift; sourceTree = "<group>"; };
		0D102DD62DC7F64E0017073B /* Theme.swift */ = {isa = PBXFileReference; lastKnownFileType = sourcecode.swift; path = Theme.swift; sourceTree = "<group>"; };
		0D102DDD2DC7F7B10017073B /* Color+.swift */ = {isa = PBXFileReference; lastKnownFileType = sourcecode.swift; path = "Color+.swift"; sourceTree = "<group>"; };
		0D102DE52DC7FBDD0017073B /* DS.swift */ = {isa = PBXFileReference; lastKnownFileType = sourcecode.swift; path = DS.swift; sourceTree = "<group>"; };
		0D102DE72DC806B20017073B /* Font.swift */ = {isa = PBXFileReference; lastKnownFileType = sourcecode.swift; path = Font.swift; sourceTree = "<group>"; };
		0D102DEA2DC806DD0017073B /* Text+.swift */ = {isa = PBXFileReference; lastKnownFileType = sourcecode.swift; path = "Text+.swift"; sourceTree = "<group>"; };
		0D102DEE2DC80C0D0017073B /* Fab.swift */ = {isa = PBXFileReference; lastKnownFileType = sourcecode.swift; path = Fab.swift; sourceTree = "<group>"; };
		0D102DF02DC80C870017073B /* ImageIcon.swift */ = {isa = PBXFileReference; lastKnownFileType = sourcecode.swift; path = ImageIcon.swift; sourceTree = "<group>"; };
		0D102DF32DC80D200017073B /* IconImages.xcassets */ = {isa = PBXFileReference; lastKnownFileType = folder.assetcatalog; path = IconImages.xcassets; sourceTree = "<group>"; };
		0D102DF62DC810020017073B /* String+.swift */ = {isa = PBXFileReference; lastKnownFileType = sourcecode.swift; path = "String+.swift"; sourceTree = "<group>"; };
		0D102DF82DC815E80017073B /* Title.swift */ = {isa = PBXFileReference; lastKnownFileType = sourcecode.swift; path = Title.swift; sourceTree = "<group>"; };
		0D102DFA2DC8172F0017073B /* BottomBar.swift */ = {isa = PBXFileReference; lastKnownFileType = sourcecode.swift; path = BottomBar.swift; sourceTree = "<group>"; };
		0D102DFF2DC8189D0017073B /* View+Shadow.swift */ = {isa = PBXFileReference; lastKnownFileType = sourcecode.swift; path = "View+Shadow.swift"; sourceTree = "<group>"; };
		0D102E012DC8D41B0017073B /* DocumentCard.swift */ = {isa = PBXFileReference; lastKnownFileType = sourcecode.swift; path = DocumentCard.swift; sourceTree = "<group>"; };
		0D102E042DC8D6B50017073B /* DefaultImageManager.swift */ = {isa = PBXFileReference; lastKnownFileType = sourcecode.swift; path = DefaultImageManager.swift; sourceTree = "<group>"; };
		0D102E092DC8DAC20017073B /* ImageManager.swift */ = {isa = PBXFileReference; lastKnownFileType = sourcecode.swift; path = ImageManager.swift; sourceTree = "<group>"; };
		0D102E0B2DC8E2F50017073B /* ActivityIndicator.swift */ = {isa = PBXFileReference; lastKnownFileType = sourcecode.swift; path = ActivityIndicator.swift; sourceTree = "<group>"; };
		0D102E0E2DC8F22A0017073B /* Date+.swift */ = {isa = PBXFileReference; lastKnownFileType = sourcecode.swift; path = "Date+.swift"; sourceTree = "<group>"; };
		0D102E102DC9333E0017073B /* TopBar.swift */ = {isa = PBXFileReference; lastKnownFileType = sourcecode.swift; path = TopBar.swift; sourceTree = "<group>"; };
		0D102E132DC9340F0017073B /* Tag.swift */ = {isa = PBXFileReference; lastKnownFileType = sourcecode.swift; path = Tag.swift; sourceTree = "<group>"; };
		0D102E152DC93B300017073B /* ItemsList.swift */ = {isa = PBXFileReference; lastKnownFileType = sourcecode.swift; path = ItemsList.swift; sourceTree = "<group>"; };
		0D102E182DC93C420017073B /* ListItem.swift */ = {isa = PBXFileReference; lastKnownFileType = sourcecode.swift; path = ListItem.swift; sourceTree = "<group>"; };
/* End PBXFileReference section */

/* Begin PBXFrameworksBuildPhase section */
		0D102DAC2DC7F39C0017073B /* Frameworks */ = {
			isa = PBXFrameworksBuildPhase;
			buildActionMask = 2147483647;
			files = (
			);
			runOnlyForDeploymentPostprocessing = 0;
		};
/* End PBXFrameworksBuildPhase section */

/* Begin PBXGroup section */
		0D102DA62DC7F39C0017073B = {
			isa = PBXGroup;
			children = (
				0D102DF22DC80D020017073B /* Resources */,
				0D102DD12DC7F5F30017073B /* docme */,
				0D102DB02DC7F39C0017073B /* Products */,
			);
			sourceTree = "<group>";
		};
		0D102DB02DC7F39C0017073B /* Products */ = {
			isa = PBXGroup;
			children = (
				0D102DAF2DC7F39C0017073B /* Docme.app */,
			);
			name = Products;
			sourceTree = "<group>";
		};
		0D102DD12DC7F5F30017073B /* docme */ = {
			isa = PBXGroup;
			children = (
				0D102DD82DC7F7920017073B /* Core */,
				0D102DEC2DC80BD10017073B /* Common */,
				0D102DD52DC7F6300017073B /* DS */,
				0D102DC92DC7F51F0017073B /* ContentView.swift */,
				0D102DCA2DC7F51F0017073B /* DocmeApp.swift */,
			);
			path = docme;
			sourceTree = "<group>";
		};
		0D102DD52DC7F6300017073B /* DS */ = {
			isa = PBXGroup;
			children = (
				0D102DE72DC806B20017073B /* Font.swift */,
				0D102DE52DC7FBDD0017073B /* DS.swift */,
				0D102DD62DC7F64E0017073B /* Theme.swift */,
			);
			path = DS;
			sourceTree = "<group>";
		};
		0D102DD82DC7F7920017073B /* Core */ = {
			isa = PBXGroup;
			children = (
				0D102DFE2DC817B70017073B /* View+ */,
				0D102DF52DC80FF90017073B /* Foundation */,
				0D102DE92DC806D80017073B /* Text+ */,
				0D102DE02DC7F8100017073B /* Color+ */,
			);
			path = Core;
			sourceTree = "<group>";
		};
		0D102DE02DC7F8100017073B /* Color+ */ = {
			isa = PBXGroup;
			children = (
				0D102DDD2DC7F7B10017073B /* Color+.swift */,
			);
			path = "Color+";
			sourceTree = "<group>";
		};
		0D102DE92DC806D80017073B /* Text+ */ = {
			isa = PBXGroup;
			children = (
				0D102DEA2DC806DD0017073B /* Text+.swift */,
			);
			path = "Text+";
			sourceTree = "<group>";
		};
		0D102DEC2DC80BD10017073B /* Common */ = {
			isa = PBXGroup;
			children = (
				0D102E032DC8D69C0017073B /* Managers */,
				0D102DED2DC80BFD0017073B /* Components */,
			);
			path = Common;
			sourceTree = "<group>";
		};
		0D102DED2DC80BFD0017073B /* Components */ = {
			isa = PBXGroup;
			children = (
				0D102E172DC93B580017073B /* ItemsList */,
				0D102E132DC9340F0017073B /* Tag.swift */,
				0D102E102DC9333E0017073B /* TopBar.swift */,
				0D102E0B2DC8E2F50017073B /* ActivityIndicator.swift */,
				0D102E012DC8D41B0017073B /* DocumentCard.swift */,
				0D102DFA2DC8172F0017073B /* BottomBar.swift */,
				0D102DF82DC815E80017073B /* Title.swift */,
				0D102DF02DC80C870017073B /* ImageIcon.swift */,
				0D102DEE2DC80C0D0017073B /* Fab.swift */,
			);
			path = Components;
			sourceTree = "<group>";
		};
		0D102DF22DC80D020017073B /* Resources */ = {
			isa = PBXGroup;
			children = (
				0D102DC82DC7F51F0017073B /* Assets.xcassets */,
				0D102DF32DC80D200017073B /* IconImages.xcassets */,
			);
			path = Resources;
			sourceTree = "<group>";
		};
		0D102DF52DC80FF90017073B /* Foundation */ = {
			isa = PBXGroup;
			children = (
				0D102E0E2DC8F22A0017073B /* Date+.swift */,
				0D102DF62DC810020017073B /* String+.swift */,
			);
			path = Foundation;
			sourceTree = "<group>";
		};
		0D102DFE2DC817B70017073B /* View+ */ = {
			isa = PBXGroup;
			children = (
				0D102DFF2DC8189D0017073B /* View+Shadow.swift */,
			);
			path = "View+";
			sourceTree = "<group>";
		};
		0D102E032DC8D69C0017073B /* Managers */ = {
			isa = PBXGroup;
			children = (
				0D102E082DC8DAAA0017073B /* ImageManager */,
			);
			path = Managers;
			sourceTree = "<group>";
		};
		0D102E082DC8DAAA0017073B /* ImageManager */ = {
			isa = PBXGroup;
			children = (
				0D102E092DC8DAC20017073B /* ImageManager.swift */,
				0D102E042DC8D6B50017073B /* DefaultImageManager.swift */,
			);
			path = ImageManager;
			sourceTree = "<group>";
		};
		0D102E172DC93B580017073B /* ItemsList */ = {
			isa = PBXGroup;
			children = (
				0D102E182DC93C420017073B /* ListItem.swift */,
				0D102E152DC93B300017073B /* ItemsList.swift */,
			);
			path = ItemsList;
			sourceTree = "<group>";
		};
/* End PBXGroup section */

/* Begin PBXNativeTarget section */
		0D102DAE2DC7F39C0017073B /* Docme */ = {
			isa = PBXNativeTarget;
			buildConfigurationList = 0D102DBF2DC7F39D0017073B /* Build configuration list for PBXNativeTarget "Docme" */;
			buildPhases = (
				0D102DAB2DC7F39C0017073B /* Sources */,
				0D102DAC2DC7F39C0017073B /* Frameworks */,
				0D102DAD2DC7F39C0017073B /* Resources */,
			);
			buildRules = (
			);
			dependencies = (
			);
			name = Docme;
			packageProductDependencies = (
			);
			productName = docme;
			productReference = 0D102DAF2DC7F39C0017073B /* Docme.app */;
			productType = "com.apple.product-type.application";
		};
/* End PBXNativeTarget section */

/* Begin PBXProject section */
		0D102DA72DC7F39C0017073B /* Project object */ = {
			isa = PBXProject;
			attributes = {
				BuildIndependentTargetsInParallel = 1;
				LastSwiftUpdateCheck = 1600;
				LastUpgradeCheck = 1600;
				TargetAttributes = {
					0D102DAE2DC7F39C0017073B = {
						CreatedOnToolsVersion = 16.0;
					};
				};
			};
			buildConfigurationList = 0D102DAA2DC7F39C0017073B /* Build configuration list for PBXProject "docme" */;
			developmentRegion = en;
			hasScannedForEncodings = 0;
			knownRegions = (
				en,
				Base,
			);
			mainGroup = 0D102DA62DC7F39C0017073B;
			minimizedProjectReferenceProxies = 1;
			preferredProjectObjectVersion = 77;
			productRefGroup = 0D102DB02DC7F39C0017073B /* Products */;
			projectDirPath = "";
			projectRoot = "";
			targets = (
				0D102DAE2DC7F39C0017073B /* Docme */,
			);
		};
/* End PBXProject section */

/* Begin PBXResourcesBuildPhase section */
		0D102DAD2DC7F39C0017073B /* Resources */ = {
			isa = PBXResourcesBuildPhase;
			buildActionMask = 2147483647;
			files = (
				0D102DF42DC80D200017073B /* IconImages.xcassets in Resources */,
				0D102DCD2DC7F51F0017073B /* Assets.xcassets in Resources */,
			);
			runOnlyForDeploymentPostprocessing = 0;
		};
/* End PBXResourcesBuildPhase section */

/* Begin PBXSourcesBuildPhase section */
		0D102DAB2DC7F39C0017073B /* Sources */ = {
			isa = PBXSourcesBuildPhase;
			buildActionMask = 2147483647;
			files = (
				0D102E022DC8D4200017073B /* DocumentCard.swift in Sources */,
				0D102DCE2DC7F51F0017073B /* ContentView.swift in Sources */,
				0D102DDE2DC7F7B30017073B /* Color+.swift in Sources */,
				0D102DF92DC815EA0017073B /* Title.swift in Sources */,
				0D102E192DC93C460017073B /* ListItem.swift in Sources */,
				0D102DF72DC810050017073B /* String+.swift in Sources */,
				0D102DEB2DC806DF0017073B /* Text+.swift in Sources */,
				0D102E162DC93B550017073B /* ItemsList.swift in Sources */,
				0D102E052DC8D6B90017073B /* DefaultImageManager.swift in Sources */,
				0D102E002DC818AC0017073B /* View+Shadow.swift in Sources */,
				0D102DF12DC80C890017073B /* ImageIcon.swift in Sources */,
				0D102E0F2DC8F22C0017073B /* Date+.swift in Sources */,
				0D102DE82DC806B70017073B /* Font.swift in Sources */,
				0D102DE62DC7FBDE0017073B /* DS.swift in Sources */,
				0D102E142DC934130017073B /* Tag.swift in Sources */,
				0D102E0A2DC8DAC50017073B /* ImageManager.swift in Sources */,
				0D102DFB2DC817330017073B /* BottomBar.swift in Sources */,
				0D102DEF2DC80C110017073B /* Fab.swift in Sources */,
				0D102E112DC933440017073B /* TopBar.swift in Sources */,
				0D102DD72DC7F6510017073B /* Theme.swift in Sources */,
				0D102DCF2DC7F51F0017073B /* DocmeApp.swift in Sources */,
				0D102E0C2DC8E3210017073B /* ActivityIndicator.swift in Sources */,
			);
			runOnlyForDeploymentPostprocessing = 0;
		};
/* End PBXSourcesBuildPhase section */

/* Begin XCBuildConfiguration section */
		0D102DBD2DC7F39D0017073B /* Debug */ = {
			isa = XCBuildConfiguration;
			buildSettings = {
				ALWAYS_SEARCH_USER_PATHS = NO;
				ASSETCATALOG_COMPILER_GENERATE_SWIFT_ASSET_SYMBOL_EXTENSIONS = YES;
				CLANG_ANALYZER_NONNULL = YES;
				CLANG_ANALYZER_NUMBER_OBJECT_CONVERSION = YES_AGGRESSIVE;
				CLANG_CXX_LANGUAGE_STANDARD = "gnu++20";
				CLANG_ENABLE_MODULES = YES;
				CLANG_ENABLE_OBJC_ARC = YES;
				CLANG_ENABLE_OBJC_WEAK = YES;
				CLANG_WARN_BLOCK_CAPTURE_AUTORELEASING = YES;
				CLANG_WARN_BOOL_CONVERSION = YES;
				CLANG_WARN_COMMA = YES;
				CLANG_WARN_CONSTANT_CONVERSION = YES;
				CLANG_WARN_DEPRECATED_OBJC_IMPLEMENTATIONS = YES;
				CLANG_WARN_DIRECT_OBJC_ISA_USAGE = YES_ERROR;
				CLANG_WARN_DOCUMENTATION_COMMENTS = YES;
				CLANG_WARN_EMPTY_BODY = YES;
				CLANG_WARN_ENUM_CONVERSION = YES;
				CLANG_WARN_INFINITE_RECURSION = YES;
				CLANG_WARN_INT_CONVERSION = YES;
				CLANG_WARN_NON_LITERAL_NULL_CONVERSION = YES;
				CLANG_WARN_OBJC_IMPLICIT_RETAIN_SELF = YES;
				CLANG_WARN_OBJC_LITERAL_CONVERSION = YES;
				CLANG_WARN_OBJC_ROOT_CLASS = YES_ERROR;
				CLANG_WARN_QUOTED_INCLUDE_IN_FRAMEWORK_HEADER = YES;
				CLANG_WARN_RANGE_LOOP_ANALYSIS = YES;
				CLANG_WARN_STRICT_PROTOTYPES = YES;
				CLANG_WARN_SUSPICIOUS_MOVE = YES;
				CLANG_WARN_UNGUARDED_AVAILABILITY = YES_AGGRESSIVE;
				CLANG_WARN_UNREACHABLE_CODE = YES;
				CLANG_WARN__DUPLICATE_METHOD_MATCH = YES;
				COPY_PHASE_STRIP = NO;
				DEBUG_INFORMATION_FORMAT = dwarf;
				ENABLE_STRICT_OBJC_MSGSEND = YES;
				ENABLE_TESTABILITY = YES;
				ENABLE_USER_SCRIPT_SANDBOXING = YES;
				GCC_C_LANGUAGE_STANDARD = gnu17;
				GCC_DYNAMIC_NO_PIC = NO;
				GCC_NO_COMMON_BLOCKS = YES;
				GCC_OPTIMIZATION_LEVEL = 0;
				GCC_PREPROCESSOR_DEFINITIONS = (
					"DEBUG=1",
					"$(inherited)",
				);
				GCC_WARN_64_TO_32_BIT_CONVERSION = YES;
				GCC_WARN_ABOUT_RETURN_TYPE = YES_ERROR;
				GCC_WARN_UNDECLARED_SELECTOR = YES;
				GCC_WARN_UNINITIALIZED_AUTOS = YES_AGGRESSIVE;
				GCC_WARN_UNUSED_FUNCTION = YES;
				GCC_WARN_UNUSED_VARIABLE = YES;
				IPHONEOS_DEPLOYMENT_TARGET = 18.0;
				LOCALIZATION_PREFERS_STRING_CATALOGS = YES;
				MTL_ENABLE_DEBUG_INFO = INCLUDE_SOURCE;
				MTL_FAST_MATH = YES;
				ONLY_ACTIVE_ARCH = YES;
				SDKROOT = iphoneos;
				SWIFT_ACTIVE_COMPILATION_CONDITIONS = "DEBUG $(inherited)";
				SWIFT_OPTIMIZATION_LEVEL = "-Onone";
			};
			name = Debug;
		};
		0D102DBE2DC7F39D0017073B /* Release */ = {
			isa = XCBuildConfiguration;
			buildSettings = {
				ALWAYS_SEARCH_USER_PATHS = NO;
				ASSETCATALOG_COMPILER_GENERATE_SWIFT_ASSET_SYMBOL_EXTENSIONS = YES;
				CLANG_ANALYZER_NONNULL = YES;
				CLANG_ANALYZER_NUMBER_OBJECT_CONVERSION = YES_AGGRESSIVE;
				CLANG_CXX_LANGUAGE_STANDARD = "gnu++20";
				CLANG_ENABLE_MODULES = YES;
				CLANG_ENABLE_OBJC_ARC = YES;
				CLANG_ENABLE_OBJC_WEAK = YES;
				CLANG_WARN_BLOCK_CAPTURE_AUTORELEASING = YES;
				CLANG_WARN_BOOL_CONVERSION = YES;
				CLANG_WARN_COMMA = YES;
				CLANG_WARN_CONSTANT_CONVERSION = YES;
				CLANG_WARN_DEPRECATED_OBJC_IMPLEMENTATIONS = YES;
				CLANG_WARN_DIRECT_OBJC_ISA_USAGE = YES_ERROR;
				CLANG_WARN_DOCUMENTATION_COMMENTS = YES;
				CLANG_WARN_EMPTY_BODY = YES;
				CLANG_WARN_ENUM_CONVERSION = YES;
				CLANG_WARN_INFINITE_RECURSION = YES;
				CLANG_WARN_INT_CONVERSION = YES;
				CLANG_WARN_NON_LITERAL_NULL_CONVERSION = YES;
				CLANG_WARN_OBJC_IMPLICIT_RETAIN_SELF = YES;
				CLANG_WARN_OBJC_LITERAL_CONVERSION = YES;
				CLANG_WARN_OBJC_ROOT_CLASS = YES_ERROR;
				CLANG_WARN_QUOTED_INCLUDE_IN_FRAMEWORK_HEADER = YES;
				CLANG_WARN_RANGE_LOOP_ANALYSIS = YES;
				CLANG_WARN_STRICT_PROTOTYPES = YES;
				CLANG_WARN_SUSPICIOUS_MOVE = YES;
				CLANG_WARN_UNGUARDED_AVAILABILITY = YES_AGGRESSIVE;
				CLANG_WARN_UNREACHABLE_CODE = YES;
				CLANG_WARN__DUPLICATE_METHOD_MATCH = YES;
				COPY_PHASE_STRIP = NO;
				DEBUG_INFORMATION_FORMAT = "dwarf-with-dsym";
				ENABLE_NS_ASSERTIONS = NO;
				ENABLE_STRICT_OBJC_MSGSEND = YES;
				ENABLE_USER_SCRIPT_SANDBOXING = YES;
				GCC_C_LANGUAGE_STANDARD = gnu17;
				GCC_NO_COMMON_BLOCKS = YES;
				GCC_WARN_64_TO_32_BIT_CONVERSION = YES;
				GCC_WARN_ABOUT_RETURN_TYPE = YES_ERROR;
				GCC_WARN_UNDECLARED_SELECTOR = YES;
				GCC_WARN_UNINITIALIZED_AUTOS = YES_AGGRESSIVE;
				GCC_WARN_UNUSED_FUNCTION = YES;
				GCC_WARN_UNUSED_VARIABLE = YES;
				IPHONEOS_DEPLOYMENT_TARGET = 18.0;
				LOCALIZATION_PREFERS_STRING_CATALOGS = YES;
				MTL_ENABLE_DEBUG_INFO = NO;
				MTL_FAST_MATH = YES;
				SDKROOT = iphoneos;
				SWIFT_COMPILATION_MODE = wholemodule;
				VALIDATE_PRODUCT = YES;
			};
			name = Release;
		};
		0D102DC02DC7F39D0017073B /* Debug */ = {
			isa = XCBuildConfiguration;
			buildSettings = {
				ASSETCATALOG_COMPILER_APPICON_NAME = AppIcon;
				ASSETCATALOG_COMPILER_GLOBAL_ACCENT_COLOR_NAME = AccentColor;
				CODE_SIGN_STYLE = Automatic;
				CURRENT_PROJECT_VERSION = 1;
				DEVELOPMENT_TEAM = Z44S759MCV;
				ENABLE_PREVIEWS = YES;
				GENERATE_INFOPLIST_FILE = YES;
				INFOPLIST_KEY_UIApplicationSceneManifest_Generation = YES;
				INFOPLIST_KEY_UIApplicationSupportsIndirectInputEvents = YES;
				INFOPLIST_KEY_UILaunchScreen_Generation = YES;
				INFOPLIST_KEY_UISupportedInterfaceOrientations_iPad = "UIInterfaceOrientationPortrait UIInterfaceOrientationPortraitUpsideDown UIInterfaceOrientationLandscapeLeft UIInterfaceOrientationLandscapeRight";
				INFOPLIST_KEY_UISupportedInterfaceOrientations_iPhone = "UIInterfaceOrientationPortrait UIInterfaceOrientationLandscapeLeft UIInterfaceOrientationLandscapeRight";
				IPHONEOS_DEPLOYMENT_TARGET = 17.0;
				LD_RUNPATH_SEARCH_PATHS = (
					"$(inherited)",
					"@executable_path/Frameworks",
				);
				MARKETING_VERSION = 1.0;
				PRODUCT_BUNDLE_IDENTIFIER = olegenovcodes.docme;
				PRODUCT_NAME = "$(TARGET_NAME)";
				SWIFT_EMIT_LOC_STRINGS = YES;
				SWIFT_VERSION = 5.0;
				TARGETED_DEVICE_FAMILY = "1,2";
			};
			name = Debug;
		};
		0D102DC12DC7F39D0017073B /* Release */ = {
			isa = XCBuildConfiguration;
			buildSettings = {
				ASSETCATALOG_COMPILER_APPICON_NAME = AppIcon;
				ASSETCATALOG_COMPILER_GLOBAL_ACCENT_COLOR_NAME = AccentColor;
				CODE_SIGN_STYLE = Automatic;
				CURRENT_PROJECT_VERSION = 1;
				DEVELOPMENT_TEAM = Z44S759MCV;
				ENABLE_PREVIEWS = YES;
				GENERATE_INFOPLIST_FILE = YES;
				INFOPLIST_KEY_UIApplicationSceneManifest_Generation = YES;
				INFOPLIST_KEY_UIApplicationSupportsIndirectInputEvents = YES;
				INFOPLIST_KEY_UILaunchScreen_Generation = YES;
				INFOPLIST_KEY_UISupportedInterfaceOrientations_iPad = "UIInterfaceOrientationPortrait UIInterfaceOrientationPortraitUpsideDown UIInterfaceOrientationLandscapeLeft UIInterfaceOrientationLandscapeRight";
				INFOPLIST_KEY_UISupportedInterfaceOrientations_iPhone = "UIInterfaceOrientationPortrait UIInterfaceOrientationLandscapeLeft UIInterfaceOrientationLandscapeRight";
				IPHONEOS_DEPLOYMENT_TARGET = 17.0;
				LD_RUNPATH_SEARCH_PATHS = (
					"$(inherited)",
					"@executable_path/Frameworks",
				);
				MARKETING_VERSION = 1.0;
				PRODUCT_BUNDLE_IDENTIFIER = olegenovcodes.docme;
				PRODUCT_NAME = "$(TARGET_NAME)";
				SWIFT_EMIT_LOC_STRINGS = YES;
				SWIFT_VERSION = 5.0;
				TARGETED_DEVICE_FAMILY = "1,2";
			};
			name = Release;
		};
/* End XCBuildConfiguration section */

/* Begin XCConfigurationList section */
		0D102DAA2DC7F39C0017073B /* Build configuration list for PBXProject "docme" */ = {
			isa = XCConfigurationList;
			buildConfigurations = (
				0D102DBD2DC7F39D0017073B /* Debug */,
				0D102DBE2DC7F39D0017073B /* Release */,
			);
			defaultConfigurationIsVisible = 0;
			defaultConfigurationName = Release;
		};
		0D102DBF2DC7F39D0017073B /* Build configuration list for PBXNativeTarget "Docme" */ = {
			isa = XCConfigurationList;
			buildConfigurations = (
				0D102DC02DC7F39D0017073B /* Debug */,
				0D102DC12DC7F39D0017073B /* Release */,
			);
			defaultConfigurationIsVisible = 0;
			defaultConfigurationName = Release;
		};
/* End XCConfigurationList section */
	};
	rootObject = 0D102DA72DC7F39C0017073B /* Project object */;
}
