// !$*UTF8*$!
{
	archiveVersion = 1;
	classes = {
	};
	objectVersion = 77;
	objects = {

/* Begin PBXBuildFile section */
		0D102DCD2DC7F51F0017073B /* Assets.xcassets in Resources */ = {isa = PBXBuildFile; fileRef = 0D102DC82DC7F51F0017073B /* Assets.xcassets */; };
		0D102DCF2DC7F51F0017073B /* DocmeApp.swift in Sources */ = {isa = PBXBuildFile; fileRef = 0D102DCA2DC7F51F0017073B /* DocmeApp.swift */; };
		0D102DD72DC7F6510017073B /* Theme.swift in Sources */ = {isa = PBXBuildFile; fileRef = 0D102DD62DC7F64E0017073B /* Theme.swift */; };
		0D102DDE2DC7F7B30017073B /* Color+.swift in Sources */ = {isa = PBXBuildFile; fileRef = 0D102DDD2DC7F7B10017073B /* Color+.swift */; };
		0D102DE62DC7FBDE0017073B /* DS.swift in Sources */ = {isa = PBXBuildFile; fileRef = 0D102DE52DC7FBDD0017073B /* DS.swift */; };
		0D102DE82DC806B70017073B /* Font.swift in Sources */ = {isa = PBXBuildFile; fileRef = 0D102DE72DC806B20017073B /* Font.swift */; };
		0D102DEB2DC806DF0017073B /* Text+.swift in Sources */ = {isa = PBXBuildFile; fileRef = 0D102DEA2DC806DD0017073B /* Text+.swift */; };
		0D102DEF2DC80C110017073B /* FabView.swift in Sources */ = {isa = PBXBuildFile; fileRef = 0D102DEE2DC80C0D0017073B /* FabView.swift */; };
		0D102DF12DC80C890017073B /* ImageIcon.swift in Sources */ = {isa = PBXBuildFile; fileRef = 0D102DF02DC80C870017073B /* ImageIcon.swift */; };
		0D102DF42DC80D200017073B /* IconImages.xcassets in Resources */ = {isa = PBXBuildFile; fileRef = 0D102DF32DC80D200017073B /* IconImages.xcassets */; };
		0D102DF72DC810050017073B /* String+.swift in Sources */ = {isa = PBXBuildFile; fileRef = 0D102DF62DC810020017073B /* String+.swift */; };
		0D102DF92DC815EA0017073B /* TitleView.swift in Sources */ = {isa = PBXBuildFile; fileRef = 0D102DF82DC815E80017073B /* TitleView.swift */; };
		0D102E002DC818AC0017073B /* View+Shadow.swift in Sources */ = {isa = PBXBuildFile; fileRef = 0D102DFF2DC8189D0017073B /* View+Shadow.swift */; };
		0D102E022DC8D4200017073B /* DocumentCardView.swift in Sources */ = {isa = PBXBuildFile; fileRef = 0D102E012DC8D41B0017073B /* DocumentCardView.swift */; };
		0D102E0C2DC8E3210017073B /* ActivityIndicatorView.swift in Sources */ = {isa = PBXBuildFile; fileRef = 0D102E0B2DC8E2F50017073B /* ActivityIndicatorView.swift */; };
		0D102E0F2DC8F22C0017073B /* Date+.swift in Sources */ = {isa = PBXBuildFile; fileRef = 0D102E0E2DC8F22A0017073B /* Date+.swift */; };
		0D102E142DC934130017073B /* TagsView.swift in Sources */ = {isa = PBXBuildFile; fileRef = 0D102E132DC9340F0017073B /* TagsView.swift */; };
		0D102E162DC93B550017073B /* ItemsListView.swift in Sources */ = {isa = PBXBuildFile; fileRef = 0D102E152DC93B300017073B /* ItemsListView.swift */; };
		0D102E192DC93C460017073B /* ListItemView.swift in Sources */ = {isa = PBXBuildFile; fileRef = 0D102E182DC93C420017073B /* ListItemView.swift */; };
		0D102E1B2DC940BC0017073B /* SeparatorView.swift in Sources */ = {isa = PBXBuildFile; fileRef = 0D102E1A2DC940B80017073B /* SeparatorView.swift */; };
		0D102E1D2DC946BD0017073B /* Captions.swift in Sources */ = {isa = PBXBuildFile; fileRef = 0D102E1C2DC946B30017073B /* Captions.swift */; };
		0D102E212DCA31550017073B /* NetworkingService.swift in Sources */ = {isa = PBXBuildFile; fileRef = 0D102E202DCA31550017073B /* NetworkingService.swift */; };
		0D102E252DCA31A60017073B /* Request.swift in Sources */ = {isa = PBXBuildFile; fileRef = 0D102E242DCA31A40017073B /* Request.swift */; };
		0D102E272DCA31B60017073B /* Response.swift in Sources */ = {isa = PBXBuildFile; fileRef = 0D102E262DCA31B40017073B /* Response.swift */; };
		0D102E312DCA4E2C0017073B /* DocumentCardUI.swift in Sources */ = {isa = PBXBuildFile; fileRef = 0D102E302DCA4E1F0017073B /* DocumentCardUI.swift */; };
		0D102E362DCA4F2C0017073B /* FolderUI.swift in Sources */ = {isa = PBXBuildFile; fileRef = 0D102E352DCA4F280017073B /* FolderUI.swift */; };
		0D102E392DCA4FA50017073B /* DocumentListView.swift in Sources */ = {isa = PBXBuildFile; fileRef = 0D102E382DCA4F9E0017073B /* DocumentListView.swift */; };
		0D102E3C2DCA50030017073B /* DocumentListViewModel.swift in Sources */ = {isa = PBXBuildFile; fileRef = 0D102E3B2DCA4FFA0017073B /* DocumentListViewModel.swift */; };
		0D102E402DCA508D0017073B /* DocumentListCoordinator.swift in Sources */ = {isa = PBXBuildFile; fileRef = 0D102E3F2DCA50810017073B /* DocumentListCoordinator.swift */; };
		0D102E422DCA50950017073B /* DocumentListProvider.swift in Sources */ = {isa = PBXBuildFile; fileRef = 0D102E412DCA50900017073B /* DocumentListProvider.swift */; };
		0D102E462DCA60830017073B /* MainContent.swift in Sources */ = {isa = PBXBuildFile; fileRef = 0D102E452DCA60800017073B /* MainContent.swift */; };
		0D102E482DCA63B70017073B /* TitledContent.swift in Sources */ = {isa = PBXBuildFile; fileRef = 0D102E472DCA63B30017073B /* TitledContent.swift */; };
		0D102E4D2DCAA9720017073B /* DocumentListTabbar.swift in Sources */ = {isa = PBXBuildFile; fileRef = 0D102E4C2DCAA9690017073B /* DocumentListTabbar.swift */; };
		0D102E4F2DCAAB920017073B /* InputFieldView.swift in Sources */ = {isa = PBXBuildFile; fileRef = 0D102E4E2DCAAB860017073B /* InputFieldView.swift */; };
		0D102E542DCAAE6B0017073B /* Collection+.swift in Sources */ = {isa = PBXBuildFile; fileRef = 0D102E532DCAAE680017073B /* Collection+.swift */; };
		0D362F272DE11510003E9262 /* View+ApplyIf.swift in Sources */ = {isa = PBXBuildFile; fileRef = 0D362F262DE1150A003E9262 /* View+ApplyIf.swift */; };
		0D362F292DE1EA9E003E9262 /* View+HideKeybpard.swift in Sources */ = {isa = PBXBuildFile; fileRef = 0D362F282DE1EA91003E9262 /* View+HideKeybpard.swift */; };
		0D362F2C2DE1F97C003E9262 /* DocumentListTabbar+DefaultView.swift in Sources */ = {isa = PBXBuildFile; fileRef = 0D362F2B2DE1F96E003E9262 /* DocumentListTabbar+DefaultView.swift */; };
		0D362F2E2DE1F99F003E9262 /* DocumentListTabbar+FilterView.swift in Sources */ = {isa = PBXBuildFile; fileRef = 0D362F2D2DE1F999003E9262 /* DocumentListTabbar+FilterView.swift */; };
		0D362F302DE1F9A6003E9262 /* DocumentListTabbar+SearchView.swift in Sources */ = {isa = PBXBuildFile; fileRef = 0D362F2F2DE1F9A2003E9262 /* DocumentListTabbar+SearchView.swift */; };
		0D362F322DE1F9B3003E9262 /* DocumentListTabbar+FolderDetailsView.swift in Sources */ = {isa = PBXBuildFile; fileRef = 0D362F312DE1F9A9003E9262 /* DocumentListTabbar+FolderDetailsView.swift */; };
		0D362F352DE3CAC9003E9262 /* DocumentListEventBus.swift in Sources */ = {isa = PBXBuildFile; fileRef = 0D362F342DE3CAC5003E9262 /* DocumentListEventBus.swift */; };
		0D362F372DE62441003E9262 /* PhotoPicker.swift in Sources */ = {isa = PBXBuildFile; fileRef = 0D362F362DE62438003E9262 /* PhotoPicker.swift */; };
		0D362F3D2DE625B8003E9262 /* DocumentCreationCoordinator.swift in Sources */ = {isa = PBXBuildFile; fileRef = 0D362F3C2DE625B8003E9262 /* DocumentCreationCoordinator.swift */; };
		0D362F3F2DE62BF8003E9262 /* DocumentCreationView.swift in Sources */ = {isa = PBXBuildFile; fileRef = 0D362F3E2DE62BEC003E9262 /* DocumentCreationView.swift */; };
		0D362F422DE62D10003E9262 /* DocumentImageEdit.swift in Sources */ = {isa = PBXBuildFile; fileRef = 0D362F412DE62D0A003E9262 /* DocumentImageEdit.swift */; };
		0D362F442DE62F6A003E9262 /* DescriptionView.swift in Sources */ = {isa = PBXBuildFile; fileRef = 0D362F432DE62F6A003E9262 /* DescriptionView.swift */; };
		0D362F462DE63002003E9262 /* TitleSecondaryView.swift in Sources */ = {isa = PBXBuildFile; fileRef = 0D362F452DE63002003E9262 /* TitleSecondaryView.swift */; };
		0D362F482DE63057003E9262 /* DocumentCreationTabbarView.swift in Sources */ = {isa = PBXBuildFile; fileRef = 0D362F472DE6304F003E9262 /* DocumentCreationTabbarView.swift */; };
		0D362F4A2DE631F5003E9262 /* DocumentCreationViewModel.swift in Sources */ = {isa = PBXBuildFile; fileRef = 0D362F492DE631F5003E9262 /* DocumentCreationViewModel.swift */; };
		0D362F4F2DE638C8003E9262 /* DocumentCreationProvider.swift in Sources */ = {isa = PBXBuildFile; fileRef = 0D362F4E2DE638C3003E9262 /* DocumentCreationProvider.swift */; };
		0D362F522DE64DE5003E9262 /* DocumentCreationModel.swift in Sources */ = {isa = PBXBuildFile; fileRef = 0D362F512DE64DDD003E9262 /* DocumentCreationModel.swift */; };
		0D362F552DE652CB003E9262 /* ToastManager.swift in Sources */ = {isa = PBXBuildFile; fileRef = 0D362F542DE652C8003E9262 /* ToastManager.swift */; };
		0D362F572DE6534D003E9262 /* ToastView.swift in Sources */ = {isa = PBXBuildFile; fileRef = 0D362F562DE6534A003E9262 /* ToastView.swift */; };
		0D362F792DE6681D003E9262 /* DocumentViewCoordinator.swift in Sources */ = {isa = PBXBuildFile; fileRef = 0D362F722DE6681D003E9262 /* DocumentViewCoordinator.swift */; };
		0D362F7A2DE6681D003E9262 /* DocumentModel.swift in Sources */ = {isa = PBXBuildFile; fileRef = 0D362F6C2DE6681D003E9262 /* DocumentModel.swift */; };
		0D362F7B2DE6681D003E9262 /* DocumentViewViewModel.swift in Sources */ = {isa = PBXBuildFile; fileRef = 0D362F702DE6681D003E9262 /* DocumentViewViewModel.swift */; };
		0D362F7C2DE6681D003E9262 /* DocumentViewView.swift in Sources */ = {isa = PBXBuildFile; fileRef = 0D362F752DE6681D003E9262 /* DocumentViewView.swift */; };
		0D362F7D2DE6681D003E9262 /* DocumentViewTabbarView.swift in Sources */ = {isa = PBXBuildFile; fileRef = 0D362F742DE6681D003E9262 /* DocumentViewTabbarView.swift */; };
		0D362F7E2DE6681D003E9262 /* DocumentViewProvider.swift in Sources */ = {isa = PBXBuildFile; fileRef = 0D362F6E2DE6681D003E9262 /* DocumentViewProvider.swift */; };
		0D362F812DE677A3003E9262 /* DocumentField.swift in Sources */ = {isa = PBXBuildFile; fileRef = 0D362F802DE67796003E9262 /* DocumentField.swift */; };
		0D3EA0A92DCBEA4400D987F0 /* Router.swift in Sources */ = {isa = PBXBuildFile; fileRef = 0D3EA0A82DCBEA4200D987F0 /* Router.swift */; };
		0D3EA0B12DCBF59100D987F0 /* MainView.swift in Sources */ = {isa = PBXBuildFile; fileRef = 0D3EA0B02DCBF58C00D987F0 /* MainView.swift */; };
		0D3EA0C22DCCC85B00D987F0 /* DocumentCollectionView.swift in Sources */ = {isa = PBXBuildFile; fileRef = 0D3EA0C12DCCC85200D987F0 /* DocumentCollectionView.swift */; };
		0D3EA0C42DCCC8FF00D987F0 /* DocumentCollectionItemView.swift in Sources */ = {isa = PBXBuildFile; fileRef = 0D3EA0C32DCCC8F700D987F0 /* DocumentCollectionItemView.swift */; };
		0DC4139E2DCE193E00CABC15 /* StorageService.swift in Sources */ = {isa = PBXBuildFile; fileRef = 0DC4139D2DCE193B00CABC15 /* StorageService.swift */; };
		0DC413AC2DCE1AFC00CABC15 /* ServerChangesResponse.swift in Sources */ = {isa = PBXBuildFile; fileRef = 0DC413AB2DCE1AF700CABC15 /* ServerChangesResponse.swift */; };
		0DC413AF2DCE1C2B00CABC15 /* AppLogger.swift in Sources */ = {isa = PBXBuildFile; fileRef = 0DC413AE2DCE1C2900CABC15 /* AppLogger.swift */; };
		0DC413B42DCE202500CABC15 /* DocumentStorageRepository.swift in Sources */ = {isa = PBXBuildFile; fileRef = 0DC413B32DCE201E00CABC15 /* DocumentStorageRepository.swift */; };
		0DC413B62DCE203100CABC15 /* FolderStorageRepository.swift in Sources */ = {isa = PBXBuildFile; fileRef = 0DC413B52DCE202900CABC15 /* FolderStorageRepository.swift */; };
		0DC413B82DCE256300CABC15 /* DefaultNetworkingServce.swift in Sources */ = {isa = PBXBuildFile; fileRef = 0DC413B72DCE255A00CABC15 /* DefaultNetworkingServce.swift */; };
		0DC413BB2DCE283300CABC15 /* DocumentNetworkingRepository.swift in Sources */ = {isa = PBXBuildFile; fileRef = 0DC413BA2DCE282D00CABC15 /* DocumentNetworkingRepository.swift */; };
		0DCEF0FA2DCE28E30073ED13 /* FolderNetworkingRepository.swift in Sources */ = {isa = PBXBuildFile; fileRef = 0DCEF0F92DCE28E00073ED13 /* FolderNetworkingRepository.swift */; };
		0DCEF1042DCE38D80073ED13 /* Document.swift in Sources */ = {isa = PBXBuildFile; fileRef = 0DCEF1032DCE38D60073ED13 /* Document.swift */; };
		0DCEF1062DCE38F30073ED13 /* Folder.swift in Sources */ = {isa = PBXBuildFile; fileRef = 0DCEF1052DCE38F10073ED13 /* Folder.swift */; };
		0DCEF1102DCFDDA80073ED13 /* DocumentRepository.swift in Sources */ = {isa = PBXBuildFile; fileRef = 0DCEF10F2DCFDDA10073ED13 /* DocumentRepository.swift */; };
		0DCEF1152DCFDFE20073ED13 /* FolderRepository.swift in Sources */ = {isa = PBXBuildFile; fileRef = 0DCEF1142DCFDFDD0073ED13 /* FolderRepository.swift */; };
		0DCEF1172DCFEAC10073ED13 /* AppDIContainer.swift in Sources */ = {isa = PBXBuildFile; fileRef = 0DCEF1162DCFEABB0073ED13 /* AppDIContainer.swift */; };
		0DCEF1192DCFFD710073ED13 /* UUIDModel.swift in Sources */ = {isa = PBXBuildFile; fileRef = 0DCEF1182DCFFD6F0073ED13 /* UUIDModel.swift */; };
		0DCEF11C2DD007AD0073ED13 /* FolderNetworking.swift in Sources */ = {isa = PBXBuildFile; fileRef = 0DCEF11B2DD007A60073ED13 /* FolderNetworking.swift */; };
		0DCEF11E2DD007B70073ED13 /* DocumentNetworking.swift in Sources */ = {isa = PBXBuildFile; fileRef = 0DCEF11D2DD007B00073ED13 /* DocumentNetworking.swift */; };
		0DCEF1212DDBAF060073ED13 /* ImageServiceImpl.swift in Sources */ = {isa = PBXBuildFile; fileRef = 0DCEF1202DDBAEFF0073ED13 /* ImageServiceImpl.swift */; };
		0DCEF1232DDBAF1E0073ED13 /* ImageService.swift in Sources */ = {isa = PBXBuildFile; fileRef = 0DCEF1222DDBAF1B0073ED13 /* ImageService.swift */; };
		0DCEF1272DDBCAD20073ED13 /* ProfileCoordinator.swift in Sources */ = {isa = PBXBuildFile; fileRef = 0DCEF1262DDBCACE0073ED13 /* ProfileCoordinator.swift */; };
		0DCEF12A2DDBCAFD0073ED13 /* ProfileProvider.swift in Sources */ = {isa = PBXBuildFile; fileRef = 0DCEF1292DDBCAF50073ED13 /* ProfileProvider.swift */; };
		0DCEF12D2DDBCB3D0073ED13 /* ProfileViewModel.swift in Sources */ = {isa = PBXBuildFile; fileRef = 0DCEF12C2DDBCB3A0073ED13 /* ProfileViewModel.swift */; };
		0DCEF1302DDBCBC50073ED13 /* ProfileView.swift in Sources */ = {isa = PBXBuildFile; fileRef = 0DCEF12F2DDBCBC30073ED13 /* ProfileView.swift */; };
		0DCEF1342DDBD47F0073ED13 /* BaseCoordinatorRouting.swift in Sources */ = {isa = PBXBuildFile; fileRef = 0DCEF1332DDBD4700073ED13 /* BaseCoordinatorRouting.swift */; };
		0DCEF1362DDBD6BD0073ED13 /* AppTabbarView.swift in Sources */ = {isa = PBXBuildFile; fileRef = 0DCEF1352DDBD6B60073ED13 /* AppTabbarView.swift */; };
		0DCEF1382DDD12030073ED13 /* ProfileTabbarView.swift in Sources */ = {isa = PBXBuildFile; fileRef = 0DCEF1372DDD12030073ED13 /* ProfileTabbarView.swift */; };
		0DCEF13A2DDD14070073ED13 /* TextSectionView.swift in Sources */ = {isa = PBXBuildFile; fileRef = 0DCEF1392DDD13FE0073ED13 /* TextSectionView.swift */; };
		0DCEF13D2DDD15A50073ED13 /* Profile.swift in Sources */ = {isa = PBXBuildFile; fileRef = 0DCEF13C2DDD15A30073ED13 /* Profile.swift */; };
		0DCEF13F2DDD17450073ED13 /* LargeListItemView.swift in Sources */ = {isa = PBXBuildFile; fileRef = 0DCEF13E2DDD173E0073ED13 /* LargeListItemView.swift */; };
		0DCEF1412DDD25650073ED13 /* CloseControlView.swift in Sources */ = {isa = PBXBuildFile; fileRef = 0DCEF1402DDD25610073ED13 /* CloseControlView.swift */; };
/* End PBXBuildFile section */

/* Begin PBXFileReference section */
		0D102DAF2DC7F39C0017073B /* Docme.app */ = {isa = PBXFileReference; explicitFileType = wrapper.application; includeInIndex = 0; path = Docme.app; sourceTree = BUILT_PRODUCTS_DIR; };
		0D102DC82DC7F51F0017073B /* Assets.xcassets */ = {isa = PBXFileReference; lastKnownFileType = folder.assetcatalog; path = Assets.xcassets; sourceTree = "<group>"; };
		0D102DCA2DC7F51F0017073B /* DocmeApp.swift */ = {isa = PBXFileReference; lastKnownFileType = sourcecode.swift; path = DocmeApp.swift; sourceTree = "<group>"; };
		0D102DD62DC7F64E0017073B /* Theme.swift */ = {isa = PBXFileReference; lastKnownFileType = sourcecode.swift; path = Theme.swift; sourceTree = "<group>"; };
		0D102DDD2DC7F7B10017073B /* Color+.swift */ = {isa = PBXFileReference; lastKnownFileType = sourcecode.swift; path = "Color+.swift"; sourceTree = "<group>"; };
		0D102DE52DC7FBDD0017073B /* DS.swift */ = {isa = PBXFileReference; lastKnownFileType = sourcecode.swift; path = DS.swift; sourceTree = "<group>"; };
		0D102DE72DC806B20017073B /* Font.swift */ = {isa = PBXFileReference; lastKnownFileType = sourcecode.swift; path = Font.swift; sourceTree = "<group>"; };
		0D102DEA2DC806DD0017073B /* Text+.swift */ = {isa = PBXFileReference; lastKnownFileType = sourcecode.swift; path = "Text+.swift"; sourceTree = "<group>"; };
		0D102DEE2DC80C0D0017073B /* FabView.swift */ = {isa = PBXFileReference; lastKnownFileType = sourcecode.swift; path = FabView.swift; sourceTree = "<group>"; };
		0D102DF02DC80C870017073B /* ImageIcon.swift */ = {isa = PBXFileReference; lastKnownFileType = sourcecode.swift; path = ImageIcon.swift; sourceTree = "<group>"; };
		0D102DF32DC80D200017073B /* IconImages.xcassets */ = {isa = PBXFileReference; lastKnownFileType = folder.assetcatalog; path = IconImages.xcassets; sourceTree = "<group>"; };
		0D102DF62DC810020017073B /* String+.swift */ = {isa = PBXFileReference; lastKnownFileType = sourcecode.swift; path = "String+.swift"; sourceTree = "<group>"; };
		0D102DF82DC815E80017073B /* TitleView.swift */ = {isa = PBXFileReference; lastKnownFileType = sourcecode.swift; path = TitleView.swift; sourceTree = "<group>"; };
		0D102DFF2DC8189D0017073B /* View+Shadow.swift */ = {isa = PBXFileReference; lastKnownFileType = sourcecode.swift; path = "View+Shadow.swift"; sourceTree = "<group>"; };
		0D102E012DC8D41B0017073B /* DocumentCardView.swift */ = {isa = PBXFileReference; lastKnownFileType = sourcecode.swift; path = DocumentCardView.swift; sourceTree = "<group>"; };
		0D102E0B2DC8E2F50017073B /* ActivityIndicatorView.swift */ = {isa = PBXFileReference; lastKnownFileType = sourcecode.swift; path = ActivityIndicatorView.swift; sourceTree = "<group>"; };
		0D102E0E2DC8F22A0017073B /* Date+.swift */ = {isa = PBXFileReference; lastKnownFileType = sourcecode.swift; path = "Date+.swift"; sourceTree = "<group>"; };
		0D102E132DC9340F0017073B /* TagsView.swift */ = {isa = PBXFileReference; lastKnownFileType = sourcecode.swift; path = TagsView.swift; sourceTree = "<group>"; };
		0D102E152DC93B300017073B /* ItemsListView.swift */ = {isa = PBXFileReference; lastKnownFileType = sourcecode.swift; path = ItemsListView.swift; sourceTree = "<group>"; };
		0D102E182DC93C420017073B /* ListItemView.swift */ = {isa = PBXFileReference; lastKnownFileType = sourcecode.swift; path = ListItemView.swift; sourceTree = "<group>"; };
		0D102E1A2DC940B80017073B /* SeparatorView.swift */ = {isa = PBXFileReference; lastKnownFileType = sourcecode.swift; path = SeparatorView.swift; sourceTree = "<group>"; };
		0D102E1C2DC946B30017073B /* Captions.swift */ = {isa = PBXFileReference; lastKnownFileType = sourcecode.swift; path = Captions.swift; sourceTree = "<group>"; };
		0D102E202DCA31550017073B /* NetworkingService.swift */ = {isa = PBXFileReference; lastKnownFileType = sourcecode.swift; path = NetworkingService.swift; sourceTree = "<group>"; };
		0D102E242DCA31A40017073B /* Request.swift */ = {isa = PBXFileReference; lastKnownFileType = sourcecode.swift; path = Request.swift; sourceTree = "<group>"; };
		0D102E262DCA31B40017073B /* Response.swift */ = {isa = PBXFileReference; lastKnownFileType = sourcecode.swift; path = Response.swift; sourceTree = "<group>"; };
		0D102E302DCA4E1F0017073B /* DocumentCardUI.swift */ = {isa = PBXFileReference; lastKnownFileType = sourcecode.swift; path = DocumentCardUI.swift; sourceTree = "<group>"; };
		0D102E352DCA4F280017073B /* FolderUI.swift */ = {isa = PBXFileReference; lastKnownFileType = sourcecode.swift; path = FolderUI.swift; sourceTree = "<group>"; };
		0D102E382DCA4F9E0017073B /* DocumentListView.swift */ = {isa = PBXFileReference; lastKnownFileType = sourcecode.swift; path = DocumentListView.swift; sourceTree = "<group>"; };
		0D102E3B2DCA4FFA0017073B /* DocumentListViewModel.swift */ = {isa = PBXFileReference; lastKnownFileType = sourcecode.swift; path = DocumentListViewModel.swift; sourceTree = "<group>"; };
		0D102E3F2DCA50810017073B /* DocumentListCoordinator.swift */ = {isa = PBXFileReference; lastKnownFileType = sourcecode.swift; path = DocumentListCoordinator.swift; sourceTree = "<group>"; };
		0D102E412DCA50900017073B /* DocumentListProvider.swift */ = {isa = PBXFileReference; lastKnownFileType = sourcecode.swift; path = DocumentListProvider.swift; sourceTree = "<group>"; };
		0D102E452DCA60800017073B /* MainContent.swift */ = {isa = PBXFileReference; lastKnownFileType = sourcecode.swift; path = MainContent.swift; sourceTree = "<group>"; };
		0D102E472DCA63B30017073B /* TitledContent.swift */ = {isa = PBXFileReference; lastKnownFileType = sourcecode.swift; path = TitledContent.swift; sourceTree = "<group>"; };
		0D102E4C2DCAA9690017073B /* DocumentListTabbar.swift */ = {isa = PBXFileReference; lastKnownFileType = sourcecode.swift; path = DocumentListTabbar.swift; sourceTree = "<group>"; };
		0D102E4E2DCAAB860017073B /* InputFieldView.swift */ = {isa = PBXFileReference; lastKnownFileType = sourcecode.swift; path = InputFieldView.swift; sourceTree = "<group>"; };
		0D102E532DCAAE680017073B /* Collection+.swift */ = {isa = PBXFileReference; lastKnownFileType = sourcecode.swift; path = "Collection+.swift"; sourceTree = "<group>"; };
		0D362F262DE1150A003E9262 /* View+ApplyIf.swift */ = {isa = PBXFileReference; lastKnownFileType = sourcecode.swift; path = "View+ApplyIf.swift"; sourceTree = "<group>"; };
		0D362F282DE1EA91003E9262 /* View+HideKeybpard.swift */ = {isa = PBXFileReference; lastKnownFileType = sourcecode.swift; path = "View+HideKeybpard.swift"; sourceTree = "<group>"; };
		0D362F2B2DE1F96E003E9262 /* DocumentListTabbar+DefaultView.swift */ = {isa = PBXFileReference; lastKnownFileType = sourcecode.swift; path = "DocumentListTabbar+DefaultView.swift"; sourceTree = "<group>"; };
		0D362F2D2DE1F999003E9262 /* DocumentListTabbar+FilterView.swift */ = {isa = PBXFileReference; lastKnownFileType = sourcecode.swift; path = "DocumentListTabbar+FilterView.swift"; sourceTree = "<group>"; };
		0D362F2F2DE1F9A2003E9262 /* DocumentListTabbar+SearchView.swift */ = {isa = PBXFileReference; lastKnownFileType = sourcecode.swift; path = "DocumentListTabbar+SearchView.swift"; sourceTree = "<group>"; };
		0D362F312DE1F9A9003E9262 /* DocumentListTabbar+FolderDetailsView.swift */ = {isa = PBXFileReference; lastKnownFileType = sourcecode.swift; path = "DocumentListTabbar+FolderDetailsView.swift"; sourceTree = "<group>"; };
		0D362F342DE3CAC5003E9262 /* DocumentListEventBus.swift */ = {isa = PBXFileReference; lastKnownFileType = sourcecode.swift; path = DocumentListEventBus.swift; sourceTree = "<group>"; };
		0D362F362DE62438003E9262 /* PhotoPicker.swift */ = {isa = PBXFileReference; lastKnownFileType = sourcecode.swift; path = PhotoPicker.swift; sourceTree = "<group>"; };
		0D362F3C2DE625B8003E9262 /* DocumentCreationCoordinator.swift */ = {isa = PBXFileReference; lastKnownFileType = sourcecode.swift; path = DocumentCreationCoordinator.swift; sourceTree = "<group>"; };
		0D362F3E2DE62BEC003E9262 /* DocumentCreationView.swift */ = {isa = PBXFileReference; lastKnownFileType = sourcecode.swift; path = DocumentCreationView.swift; sourceTree = "<group>"; };
		0D362F412DE62D0A003E9262 /* DocumentImageEdit.swift */ = {isa = PBXFileReference; lastKnownFileType = sourcecode.swift; path = DocumentImageEdit.swift; sourceTree = "<group>"; };
		0D362F432DE62F6A003E9262 /* DescriptionView.swift */ = {isa = PBXFileReference; lastKnownFileType = sourcecode.swift; path = DescriptionView.swift; sourceTree = "<group>"; };
		0D362F452DE63002003E9262 /* TitleSecondaryView.swift */ = {isa = PBXFileReference; lastKnownFileType = sourcecode.swift; path = TitleSecondaryView.swift; sourceTree = "<group>"; };
		0D362F472DE6304F003E9262 /* DocumentCreationTabbarView.swift */ = {isa = PBXFileReference; lastKnownFileType = sourcecode.swift; path = DocumentCreationTabbarView.swift; sourceTree = "<group>"; };
		0D362F492DE631F5003E9262 /* DocumentCreationViewModel.swift */ = {isa = PBXFileReference; lastKnownFileType = sourcecode.swift; path = DocumentCreationViewModel.swift; sourceTree = "<group>"; };
		0D362F4E2DE638C3003E9262 /* DocumentCreationProvider.swift */ = {isa = PBXFileReference; lastKnownFileType = sourcecode.swift; path = DocumentCreationProvider.swift; sourceTree = "<group>"; };
		0D362F512DE64DDD003E9262 /* DocumentCreationModel.swift */ = {isa = PBXFileReference; lastKnownFileType = sourcecode.swift; path = DocumentCreationModel.swift; sourceTree = "<group>"; };
		0D362F542DE652C8003E9262 /* ToastManager.swift */ = {isa = PBXFileReference; lastKnownFileType = sourcecode.swift; path = ToastManager.swift; sourceTree = "<group>"; };
		0D362F562DE6534A003E9262 /* ToastView.swift */ = {isa = PBXFileReference; lastKnownFileType = sourcecode.swift; path = ToastView.swift; sourceTree = "<group>"; };
		0D362F6C2DE6681D003E9262 /* DocumentModel.swift */ = {isa = PBXFileReference; lastKnownFileType = sourcecode.swift; path = DocumentModel.swift; sourceTree = "<group>"; };
		0D362F6E2DE6681D003E9262 /* DocumentViewProvider.swift */ = {isa = PBXFileReference; lastKnownFileType = sourcecode.swift; path = DocumentViewProvider.swift; sourceTree = "<group>"; };
		0D362F702DE6681D003E9262 /* DocumentViewViewModel.swift */ = {isa = PBXFileReference; lastKnownFileType = sourcecode.swift; path = DocumentViewViewModel.swift; sourceTree = "<group>"; };
		0D362F722DE6681D003E9262 /* DocumentViewCoordinator.swift */ = {isa = PBXFileReference; lastKnownFileType = sourcecode.swift; path = DocumentViewCoordinator.swift; sourceTree = "<group>"; };
		0D362F742DE6681D003E9262 /* DocumentViewTabbarView.swift */ = {isa = PBXFileReference; lastKnownFileType = sourcecode.swift; path = DocumentViewTabbarView.swift; sourceTree = "<group>"; };
		0D362F752DE6681D003E9262 /* DocumentViewView.swift */ = {isa = PBXFileReference; lastKnownFileType = sourcecode.swift; path = DocumentViewView.swift; sourceTree = "<group>"; };
		0D362F802DE67796003E9262 /* DocumentField.swift */ = {isa = PBXFileReference; lastKnownFileType = sourcecode.swift; path = DocumentField.swift; sourceTree = "<group>"; };
		0D3EA0A82DCBEA4200D987F0 /* Router.swift */ = {isa = PBXFileReference; lastKnownFileType = sourcecode.swift; path = Router.swift; sourceTree = "<group>"; };
		0D3EA0B02DCBF58C00D987F0 /* MainView.swift */ = {isa = PBXFileReference; lastKnownFileType = sourcecode.swift; path = MainView.swift; sourceTree = "<group>"; };
		0D3EA0C12DCCC85200D987F0 /* DocumentCollectionView.swift */ = {isa = PBXFileReference; lastKnownFileType = sourcecode.swift; path = DocumentCollectionView.swift; sourceTree = "<group>"; };
		0D3EA0C32DCCC8F700D987F0 /* DocumentCollectionItemView.swift */ = {isa = PBXFileReference; lastKnownFileType = sourcecode.swift; path = DocumentCollectionItemView.swift; sourceTree = "<group>"; };
		0DC4139D2DCE193B00CABC15 /* StorageService.swift */ = {isa = PBXFileReference; lastKnownFileType = sourcecode.swift; path = StorageService.swift; sourceTree = "<group>"; };
		0DC413AB2DCE1AF700CABC15 /* ServerChangesResponse.swift */ = {isa = PBXFileReference; lastKnownFileType = sourcecode.swift; path = ServerChangesResponse.swift; sourceTree = "<group>"; };
		0DC413AE2DCE1C2900CABC15 /* AppLogger.swift */ = {isa = PBXFileReference; lastKnownFileType = sourcecode.swift; path = AppLogger.swift; sourceTree = "<group>"; };
		0DC413B32DCE201E00CABC15 /* DocumentStorageRepository.swift */ = {isa = PBXFileReference; lastKnownFileType = sourcecode.swift; path = DocumentStorageRepository.swift; sourceTree = "<group>"; };
		0DC413B52DCE202900CABC15 /* FolderStorageRepository.swift */ = {isa = PBXFileReference; lastKnownFileType = sourcecode.swift; path = FolderStorageRepository.swift; sourceTree = "<group>"; };
		0DC413B72DCE255A00CABC15 /* DefaultNetworkingServce.swift */ = {isa = PBXFileReference; lastKnownFileType = sourcecode.swift; path = DefaultNetworkingServce.swift; sourceTree = "<group>"; };
		0DC413BA2DCE282D00CABC15 /* DocumentNetworkingRepository.swift */ = {isa = PBXFileReference; lastKnownFileType = sourcecode.swift; path = DocumentNetworkingRepository.swift; sourceTree = "<group>"; };
		0DCEF0F92DCE28E00073ED13 /* FolderNetworkingRepository.swift */ = {isa = PBXFileReference; lastKnownFileType = sourcecode.swift; path = FolderNetworkingRepository.swift; sourceTree = "<group>"; };
		0DCEF1032DCE38D60073ED13 /* Document.swift */ = {isa = PBXFileReference; lastKnownFileType = sourcecode.swift; path = Document.swift; sourceTree = "<group>"; };
		0DCEF1052DCE38F10073ED13 /* Folder.swift */ = {isa = PBXFileReference; lastKnownFileType = sourcecode.swift; path = Folder.swift; sourceTree = "<group>"; };
		0DCEF10F2DCFDDA10073ED13 /* DocumentRepository.swift */ = {isa = PBXFileReference; lastKnownFileType = sourcecode.swift; path = DocumentRepository.swift; sourceTree = "<group>"; };
		0DCEF1142DCFDFDD0073ED13 /* FolderRepository.swift */ = {isa = PBXFileReference; lastKnownFileType = sourcecode.swift; path = FolderRepository.swift; sourceTree = "<group>"; };
		0DCEF1162DCFEABB0073ED13 /* AppDIContainer.swift */ = {isa = PBXFileReference; lastKnownFileType = sourcecode.swift; path = AppDIContainer.swift; sourceTree = "<group>"; };
		0DCEF1182DCFFD6F0073ED13 /* UUIDModel.swift */ = {isa = PBXFileReference; lastKnownFileType = sourcecode.swift; path = UUIDModel.swift; sourceTree = "<group>"; };
		0DCEF11B2DD007A60073ED13 /* FolderNetworking.swift */ = {isa = PBXFileReference; lastKnownFileType = sourcecode.swift; path = FolderNetworking.swift; sourceTree = "<group>"; };
		0DCEF11D2DD007B00073ED13 /* DocumentNetworking.swift */ = {isa = PBXFileReference; lastKnownFileType = sourcecode.swift; path = DocumentNetworking.swift; sourceTree = "<group>"; };
		0DCEF1202DDBAEFF0073ED13 /* ImageServiceImpl.swift */ = {isa = PBXFileReference; lastKnownFileType = sourcecode.swift; path = ImageServiceImpl.swift; sourceTree = "<group>"; };
		0DCEF1222DDBAF1B0073ED13 /* ImageService.swift */ = {isa = PBXFileReference; lastKnownFileType = sourcecode.swift; path = ImageService.swift; sourceTree = "<group>"; };
		0DCEF1262DDBCACE0073ED13 /* ProfileCoordinator.swift */ = {isa = PBXFileReference; lastKnownFileType = sourcecode.swift; path = ProfileCoordinator.swift; sourceTree = "<group>"; };
		0DCEF1292DDBCAF50073ED13 /* ProfileProvider.swift */ = {isa = PBXFileReference; lastKnownFileType = sourcecode.swift; path = ProfileProvider.swift; sourceTree = "<group>"; };
		0DCEF12C2DDBCB3A0073ED13 /* ProfileViewModel.swift */ = {isa = PBXFileReference; lastKnownFileType = sourcecode.swift; path = ProfileViewModel.swift; sourceTree = "<group>"; };
		0DCEF12F2DDBCBC30073ED13 /* ProfileView.swift */ = {isa = PBXFileReference; lastKnownFileType = sourcecode.swift; path = ProfileView.swift; sourceTree = "<group>"; };
		0DCEF1332DDBD4700073ED13 /* BaseCoordinatorRouting.swift */ = {isa = PBXFileReference; lastKnownFileType = sourcecode.swift; path = BaseCoordinatorRouting.swift; sourceTree = "<group>"; };
		0DCEF1352DDBD6B60073ED13 /* AppTabbarView.swift */ = {isa = PBXFileReference; lastKnownFileType = sourcecode.swift; path = AppTabbarView.swift; sourceTree = "<group>"; };
		0DCEF1372DDD12030073ED13 /* ProfileTabbarView.swift */ = {isa = PBXFileReference; lastKnownFileType = sourcecode.swift; path = ProfileTabbarView.swift; sourceTree = "<group>"; };
		0DCEF1392DDD13FE0073ED13 /* TextSectionView.swift */ = {isa = PBXFileReference; lastKnownFileType = sourcecode.swift; path = TextSectionView.swift; sourceTree = "<group>"; };
		0DCEF13C2DDD15A30073ED13 /* Profile.swift */ = {isa = PBXFileReference; lastKnownFileType = sourcecode.swift; path = Profile.swift; sourceTree = "<group>"; };
		0DCEF13E2DDD173E0073ED13 /* LargeListItemView.swift */ = {isa = PBXFileReference; lastKnownFileType = sourcecode.swift; path = LargeListItemView.swift; sourceTree = "<group>"; };
		0DCEF1402DDD25610073ED13 /* CloseControlView.swift */ = {isa = PBXFileReference; lastKnownFileType = sourcecode.swift; path = CloseControlView.swift; sourceTree = "<group>"; };
/* End PBXFileReference section */

/* Begin PBXFrameworksBuildPhase section */
		0D102DAC2DC7F39C0017073B /* Frameworks */ = {
			isa = PBXFrameworksBuildPhase;
			buildActionMask = 2147483647;
			files = (
			);
			runOnlyForDeploymentPostprocessing = 0;
		};
/* End PBXFrameworksBuildPhase section */

/* Begin PBXGroup section */
		0D102DA62DC7F39C0017073B = {
			isa = PBXGroup;
			children = (
				0D102DF22DC80D020017073B /* Resources */,
				0D102DD12DC7F5F30017073B /* docme */,
				0D102DB02DC7F39C0017073B /* Products */,
			);
			sourceTree = "<group>";
		};
		0D102DB02DC7F39C0017073B /* Products */ = {
			isa = PBXGroup;
			children = (
				0D102DAF2DC7F39C0017073B /* Docme.app */,
			);
			name = Products;
			sourceTree = "<group>";
		};
		0D102DD12DC7F5F30017073B /* docme */ = {
			isa = PBXGroup;
			children = (
				0D362F252DE0FDE4003E9262 /* AppTabbar */,
				0DCEF1242DDBCABC0073ED13 /* Profile */,
				0D362F212DE0FBCB003E9262 /* DocumentCreation */,
				0D362F782DE6681D003E9262 /* DocumentView */,
				0D102E2B2DCA34D10017073B /* DocumentList */,
				0D102DD82DC7F7920017073B /* Core */,
				0D102DEC2DC80BD10017073B /* Common */,
				0D102DD52DC7F6300017073B /* DS */,
				0D3EA0B02DCBF58C00D987F0 /* MainView.swift */,
				0DCEF1162DCFEABB0073ED13 /* AppDIContainer.swift */,
				0D102DCA2DC7F51F0017073B /* DocmeApp.swift */,
				0DCEF1332DDBD4700073ED13 /* BaseCoordinatorRouting.swift */,
			);
			path = docme;
			sourceTree = "<group>";
		};
		0D102DD52DC7F6300017073B /* DS */ = {
			isa = PBXGroup;
			children = (
				0D102E1C2DC946B30017073B /* Captions.swift */,
				0D102DE72DC806B20017073B /* Font.swift */,
				0D102DE52DC7FBDD0017073B /* DS.swift */,
				0D102DD62DC7F64E0017073B /* Theme.swift */,
			);
			path = DS;
			sourceTree = "<group>";
		};
		0D102DD82DC7F7920017073B /* Core */ = {
			isa = PBXGroup;
			children = (
				0D102DFE2DC817B70017073B /* View+ */,
				0D102DF52DC80FF90017073B /* Foundation */,
				0D102DE92DC806D80017073B /* Text+ */,
				0D102DE02DC7F8100017073B /* Color+ */,
			);
			path = Core;
			sourceTree = "<group>";
		};
		0D102DE02DC7F8100017073B /* Color+ */ = {
			isa = PBXGroup;
			children = (
				0D102DDD2DC7F7B10017073B /* Color+.swift */,
			);
			path = "Color+";
			sourceTree = "<group>";
		};
		0D102DE92DC806D80017073B /* Text+ */ = {
			isa = PBXGroup;
			children = (
				0D102DEA2DC806DD0017073B /* Text+.swift */,
			);
			path = "Text+";
			sourceTree = "<group>";
		};
		0D102DEC2DC80BD10017073B /* Common */ = {
			isa = PBXGroup;
			children = (
				0DCEF1132DCFDEB10073ED13 /* Services */,
				0DCEF10C2DCFDD8F0073ED13 /* Repositories */,
				0DC413AD2DCE1C2500CABC15 /* Logger */,
				0D102E322DCA4E8B0017073B /* Models */,
				0D102E032DC8D69C0017073B /* Managers */,
				0D102DED2DC80BFD0017073B /* Components */,
			);
			path = Common;
			sourceTree = "<group>";
		};
		0D102DED2DC80BFD0017073B /* Components */ = {
			isa = PBXGroup;
			children = (
				0D362F562DE6534A003E9262 /* ToastView.swift */,
				0D362F412DE62D0A003E9262 /* DocumentImageEdit.swift */,
				0D102E172DC93B580017073B /* ItemsList */,
				0D3EA0C72DCCC9BC00D987F0 /* DocumentCollection */,
				0DCEF1402DDD25610073ED13 /* CloseControlView.swift */,
				0D102E4E2DCAAB860017073B /* InputFieldView.swift */,
				0D102E472DCA63B30017073B /* TitledContent.swift */,
				0D102E452DCA60800017073B /* MainContent.swift */,
				0D102E132DC9340F0017073B /* TagsView.swift */,
				0D102E0B2DC8E2F50017073B /* ActivityIndicatorView.swift */,
				0D102E012DC8D41B0017073B /* DocumentCardView.swift */,
				0D102DF82DC815E80017073B /* TitleView.swift */,
				0D362F452DE63002003E9262 /* TitleSecondaryView.swift */,
				0D362F432DE62F6A003E9262 /* DescriptionView.swift */,
				0D102DF02DC80C870017073B /* ImageIcon.swift */,
				0D102DEE2DC80C0D0017073B /* FabView.swift */,
				0DCEF1392DDD13FE0073ED13 /* TextSectionView.swift */,
			);
			path = Components;
			sourceTree = "<group>";
		};
		0D102DF22DC80D020017073B /* Resources */ = {
			isa = PBXGroup;
			children = (
				0D102DC82DC7F51F0017073B /* Assets.xcassets */,
				0D102DF32DC80D200017073B /* IconImages.xcassets */,
			);
			path = Resources;
			sourceTree = "<group>";
		};
		0D102DF52DC80FF90017073B /* Foundation */ = {
			isa = PBXGroup;
			children = (
				0D102E532DCAAE680017073B /* Collection+.swift */,
				0D102E0E2DC8F22A0017073B /* Date+.swift */,
				0D102DF62DC810020017073B /* String+.swift */,
			);
			path = Foundation;
			sourceTree = "<group>";
		};
		0D102DFE2DC817B70017073B /* View+ */ = {
			isa = PBXGroup;
			children = (
				0D362F282DE1EA91003E9262 /* View+HideKeybpard.swift */,
				0D362F262DE1150A003E9262 /* View+ApplyIf.swift */,
				0D102DFF2DC8189D0017073B /* View+Shadow.swift */,
			);
			path = "View+";
			sourceTree = "<group>";
		};
		0D102E032DC8D69C0017073B /* Managers */ = {
			isa = PBXGroup;
			children = (
				0D362F532DE652C0003E9262 /* Toast */,
				0D3EA0AD2DCBEF2100D987F0 /* Router */,
			);
			path = Managers;
			sourceTree = "<group>";
		};
		0D102E172DC93B580017073B /* ItemsList */ = {
			isa = PBXGroup;
			children = (
				0DCEF13E2DDD173E0073ED13 /* LargeListItemView.swift */,
				0D102E1A2DC940B80017073B /* SeparatorView.swift */,
				0D102E182DC93C420017073B /* ListItemView.swift */,
				0D102E152DC93B300017073B /* ItemsListView.swift */,
			);
			path = ItemsList;
			sourceTree = "<group>";
		};
		0D102E1E2DCA310F0017073B /* NetworkingService */ = {
			isa = PBXGroup;
			children = (
				0DC413B92DCE282500CABC15 /* Repositories */,
				0D102E232DCA319B0017073B /* Reponse */,
				0D102E222DCA31940017073B /* Request */,
				0D102E202DCA31550017073B /* NetworkingService.swift */,
				0DC413B72DCE255A00CABC15 /* DefaultNetworkingServce.swift */,
			);
			path = NetworkingService;
			sourceTree = "<group>";
		};
		0D102E222DCA31940017073B /* Request */ = {
			isa = PBXGroup;
			children = (
				0D102E242DCA31A40017073B /* Request.swift */,
			);
			path = Request;
			sourceTree = "<group>";
		};
		0D102E232DCA319B0017073B /* Reponse */ = {
			isa = PBXGroup;
			children = (
				0DC413AB2DCE1AF700CABC15 /* ServerChangesResponse.swift */,
				0D102E262DCA31B40017073B /* Response.swift */,
			);
			path = Reponse;
			sourceTree = "<group>";
		};
		0D102E2B2DCA34D10017073B /* DocumentList */ = {
			isa = PBXGroup;
			children = (
				0D362F332DE3CAB8003E9262 /* Events */,
				0D102E3E2DCA50780017073B /* Provider */,
				0D102E3D2DCA50720017073B /* Coordinator */,
				0D102E3A2DCA4FF40017073B /* ViewModel */,
				0D102E372DCA4F970017073B /* View */,
			);
			path = DocumentList;
			sourceTree = "<group>";
		};
		0D102E322DCA4E8B0017073B /* Models */ = {
			isa = PBXGroup;
			children = (
				0DCEF1182DCFFD6F0073ED13 /* UUIDModel.swift */,
				0DCEF11A2DD007910073ED13 /* Networking */,
				0DCEF1072DCE395C0073ED13 /* UI */,
				0DCEF1052DCE38F10073ED13 /* Folder.swift */,
				0DCEF1032DCE38D60073ED13 /* Document.swift */,
			);
			path = Models;
			sourceTree = "<group>";
		};
		0D102E372DCA4F970017073B /* View */ = {
			isa = PBXGroup;
			children = (
				0D362F2A2DE1F964003E9262 /* DocumentListTabbar */,
				0D102E382DCA4F9E0017073B /* DocumentListView.swift */,
			);
			path = View;
			sourceTree = "<group>";
		};
		0D102E3A2DCA4FF40017073B /* ViewModel */ = {
			isa = PBXGroup;
			children = (
				0D102E3B2DCA4FFA0017073B /* DocumentListViewModel.swift */,
			);
			path = ViewModel;
			sourceTree = "<group>";
		};
		0D102E3D2DCA50720017073B /* Coordinator */ = {
			isa = PBXGroup;
			children = (
				0D102E3F2DCA50810017073B /* DocumentListCoordinator.swift */,
			);
			path = Coordinator;
			sourceTree = "<group>";
		};
		0D102E3E2DCA50780017073B /* Provider */ = {
			isa = PBXGroup;
			children = (
				0D102E412DCA50900017073B /* DocumentListProvider.swift */,
			);
			path = Provider;
			sourceTree = "<group>";
		};
		0D362F212DE0FBCB003E9262 /* DocumentCreation */ = {
			isa = PBXGroup;
			children = (
				0D362F502DE64DD8003E9262 /* Model */,
				0D362F4D2DE638BC003E9262 /* Provider */,
				0D362F402DE62CE8003E9262 /* ViewModel */,
				0D362F3B2DE625AE003E9262 /* Coordinator */,
				0D362F3A2DE62581003E9262 /* View */,
			);
			path = DocumentCreation;
			sourceTree = "<group>";
		};
		0D362F252DE0FDE4003E9262 /* AppTabbar */ = {
			isa = PBXGroup;
			children = (
				0DCEF1352DDBD6B60073ED13 /* AppTabbarView.swift */,
			);
			path = AppTabbar;
			sourceTree = "<group>";
		};
		0D362F2A2DE1F964003E9262 /* DocumentListTabbar */ = {
			isa = PBXGroup;
			children = (
				0D362F312DE1F9A9003E9262 /* DocumentListTabbar+FolderDetailsView.swift */,
				0D362F2F2DE1F9A2003E9262 /* DocumentListTabbar+SearchView.swift */,
				0D362F2D2DE1F999003E9262 /* DocumentListTabbar+FilterView.swift */,
				0D362F2B2DE1F96E003E9262 /* DocumentListTabbar+DefaultView.swift */,
				0D102E4C2DCAA9690017073B /* DocumentListTabbar.swift */,
			);
			path = DocumentListTabbar;
			sourceTree = "<group>";
		};
		0D362F332DE3CAB8003E9262 /* Events */ = {
			isa = PBXGroup;
			children = (
				0D362F342DE3CAC5003E9262 /* DocumentListEventBus.swift */,
			);
			path = Events;
			sourceTree = "<group>";
		};
		0D362F3A2DE62581003E9262 /* View */ = {
			isa = PBXGroup;
			children = (
				0D362F472DE6304F003E9262 /* DocumentCreationTabbarView.swift */,
				0D362F3E2DE62BEC003E9262 /* DocumentCreationView.swift */,
				0D362F362DE62438003E9262 /* PhotoPicker.swift */,
			);
			path = View;
			sourceTree = "<group>";
		};
		0D362F3B2DE625AE003E9262 /* Coordinator */ = {
			isa = PBXGroup;
			children = (
				0D362F3C2DE625B8003E9262 /* DocumentCreationCoordinator.swift */,
			);
			path = Coordinator;
			sourceTree = "<group>";
		};
		0D362F402DE62CE8003E9262 /* ViewModel */ = {
			isa = PBXGroup;
			children = (
				0D362F492DE631F5003E9262 /* DocumentCreationViewModel.swift */,
			);
			path = ViewModel;
			sourceTree = "<group>";
		};
		0D362F4D2DE638BC003E9262 /* Provider */ = {
			isa = PBXGroup;
			children = (
				0D362F4E2DE638C3003E9262 /* DocumentCreationProvider.swift */,
			);
			path = Provider;
			sourceTree = "<group>";
		};
		0D362F502DE64DD8003E9262 /* Model */ = {
			isa = PBXGroup;
			children = (
				0D362F512DE64DDD003E9262 /* DocumentCreationModel.swift */,
			);
			path = Model;
			sourceTree = "<group>";
		};
		0D362F532DE652C0003E9262 /* Toast */ = {
			isa = PBXGroup;
			children = (
				0D362F542DE652C8003E9262 /* ToastManager.swift */,
			);
			path = Toast;
			sourceTree = "<group>";
		};
		0D362F6D2DE6681D003E9262 /* Model */ = {
			isa = PBXGroup;
			children = (
				0D362F802DE67796003E9262 /* DocumentField.swift */,
				0D362F6C2DE6681D003E9262 /* DocumentModel.swift */,
			);
			path = Model;
			sourceTree = "<group>";
		};
		0D362F6F2DE6681D003E9262 /* Provider */ = {
			isa = PBXGroup;
			children = (
				0D362F6E2DE6681D003E9262 /* DocumentViewProvider.swift */,
			);
			path = Provider;
			sourceTree = "<group>";
		};
		0D362F712DE6681D003E9262 /* ViewModel */ = {
			isa = PBXGroup;
			children = (
				0D362F702DE6681D003E9262 /* DocumentViewViewModel.swift */,
			);
			path = ViewModel;
			sourceTree = "<group>";
		};
		0D362F732DE6681D003E9262 /* Coordinator */ = {
			isa = PBXGroup;
			children = (
				0D362F722DE6681D003E9262 /* DocumentViewCoordinator.swift */,
			);
			path = Coordinator;
			sourceTree = "<group>";
		};
		0D362F772DE6681D003E9262 /* View */ = {
			isa = PBXGroup;
			children = (
				0D362F742DE6681D003E9262 /* DocumentViewTabbarView.swift */,
				0D362F752DE6681D003E9262 /* DocumentViewView.swift */,
			);
			path = View;
			sourceTree = "<group>";
		};
		0D362F782DE6681D003E9262 /* DocumentView */ = {
			isa = PBXGroup;
			children = (
				0D362F6D2DE6681D003E9262 /* Model */,
				0D362F6F2DE6681D003E9262 /* Provider */,
				0D362F712DE6681D003E9262 /* ViewModel */,
				0D362F732DE6681D003E9262 /* Coordinator */,
				0D362F772DE6681D003E9262 /* View */,
			);
			path = DocumentView;
			sourceTree = "<group>";
		};
		0D3EA0AD2DCBEF2100D987F0 /* Router */ = {
			isa = PBXGroup;
			children = (
				0D3EA0A82DCBEA4200D987F0 /* Router.swift */,
			);
			path = Router;
			sourceTree = "<group>";
		};
		0D3EA0C72DCCC9BC00D987F0 /* DocumentCollection */ = {
			isa = PBXGroup;
			children = (
				0D3EA0C12DCCC85200D987F0 /* DocumentCollectionView.swift */,
				0D3EA0C32DCCC8F700D987F0 /* DocumentCollectionItemView.swift */,
			);
			path = DocumentCollection;
			sourceTree = "<group>";
		};
		0DC4139F2DCE194200CABC15 /* StorageService */ = {
			isa = PBXGroup;
			children = (
				0DC413B22DCE201800CABC15 /* Repositories */,
				0DC4139D2DCE193B00CABC15 /* StorageService.swift */,
			);
			path = StorageService;
			sourceTree = "<group>";
		};
		0DC413AD2DCE1C2500CABC15 /* Logger */ = {
			isa = PBXGroup;
			children = (
				0DC413AE2DCE1C2900CABC15 /* AppLogger.swift */,
			);
			path = Logger;
			sourceTree = "<group>";
		};
		0DC413B22DCE201800CABC15 /* Repositories */ = {
			isa = PBXGroup;
			children = (
				0DC413B52DCE202900CABC15 /* FolderStorageRepository.swift */,
				0DC413B32DCE201E00CABC15 /* DocumentStorageRepository.swift */,
			);
			path = Repositories;
			sourceTree = "<group>";
		};
		0DC413B92DCE282500CABC15 /* Repositories */ = {
			isa = PBXGroup;
			children = (
				0DCEF0F92DCE28E00073ED13 /* FolderNetworkingRepository.swift */,
				0DC413BA2DCE282D00CABC15 /* DocumentNetworkingRepository.swift */,
			);
			path = Repositories;
			sourceTree = "<group>";
		};
		0DCEF1072DCE395C0073ED13 /* UI */ = {
			isa = PBXGroup;
			children = (
				0D102E302DCA4E1F0017073B /* DocumentCardUI.swift */,
				0D102E352DCA4F280017073B /* FolderUI.swift */,
			);
			path = UI;
			sourceTree = "<group>";
		};
		0DCEF10C2DCFDD8F0073ED13 /* Repositories */ = {
			isa = PBXGroup;
			children = (
				0DCEF1142DCFDFDD0073ED13 /* FolderRepository.swift */,
				0DCEF10F2DCFDDA10073ED13 /* DocumentRepository.swift */,
			);
			path = Repositories;
			sourceTree = "<group>";
		};
		0DCEF1132DCFDEB10073ED13 /* Services */ = {
			isa = PBXGroup;
			children = (
				0DCEF11F2DDBAEF80073ED13 /* ImageService */,
				0D102E1E2DCA310F0017073B /* NetworkingService */,
				0DC4139F2DCE194200CABC15 /* StorageService */,
			);
			path = Services;
			sourceTree = "<group>";
		};
		0DCEF11A2DD007910073ED13 /* Networking */ = {
			isa = PBXGroup;
			children = (
				0DCEF11D2DD007B00073ED13 /* DocumentNetworking.swift */,
				0DCEF11B2DD007A60073ED13 /* FolderNetworking.swift */,
			);
			path = Networking;
			sourceTree = "<group>";
		};
		0DCEF11F2DDBAEF80073ED13 /* ImageService */ = {
			isa = PBXGroup;
			children = (
				0DCEF1222DDBAF1B0073ED13 /* ImageService.swift */,
				0DCEF1202DDBAEFF0073ED13 /* ImageServiceImpl.swift */,
			);
			path = ImageService;
			sourceTree = "<group>";
		};
		0DCEF1242DDBCABC0073ED13 /* Profile */ = {
			isa = PBXGroup;
			children = (
				0DCEF13B2DDD15940073ED13 /* Model */,
				0DCEF12E2DDBCBBE0073ED13 /* View */,
				0DCEF12B2DDBCB360073ED13 /* ViewModel */,
				0DCEF1282DDBCAEF0073ED13 /* Provider */,
				0DCEF1252DDBCAC10073ED13 /* Coordinator */,
			);
			path = Profile;
			sourceTree = "<group>";
		};
		0DCEF1252DDBCAC10073ED13 /* Coordinator */ = {
			isa = PBXGroup;
			children = (
				0DCEF1262DDBCACE0073ED13 /* ProfileCoordinator.swift */,
			);
			path = Coordinator;
			sourceTree = "<group>";
		};
		0DCEF1282DDBCAEF0073ED13 /* Provider */ = {
			isa = PBXGroup;
			children = (
				0DCEF1292DDBCAF50073ED13 /* ProfileProvider.swift */,
			);
			path = Provider;
			sourceTree = "<group>";
		};
		0DCEF12B2DDBCB360073ED13 /* ViewModel */ = {
			isa = PBXGroup;
			children = (
				0DCEF12C2DDBCB3A0073ED13 /* ProfileViewModel.swift */,
			);
			path = ViewModel;
			sourceTree = "<group>";
		};
		0DCEF12E2DDBCBBE0073ED13 /* View */ = {
			isa = PBXGroup;
			children = (
				0DCEF1372DDD12030073ED13 /* ProfileTabbarView.swift */,
				0DCEF12F2DDBCBC30073ED13 /* ProfileView.swift */,
			);
			path = View;
			sourceTree = "<group>";
		};
		0DCEF13B2DDD15940073ED13 /* Model */ = {
			isa = PBXGroup;
			children = (
				0DCEF13C2DDD15A30073ED13 /* Profile.swift */,
			);
			path = Model;
			sourceTree = "<group>";
		};
/* End PBXGroup section */

/* Begin PBXNativeTarget section */
		0D102DAE2DC7F39C0017073B /* Docme */ = {
			isa = PBXNativeTarget;
			buildConfigurationList = 0D102DBF2DC7F39D0017073B /* Build configuration list for PBXNativeTarget "Docme" */;
			buildPhases = (
				0D102DAB2DC7F39C0017073B /* Sources */,
				0D102DAC2DC7F39C0017073B /* Frameworks */,
				0D102DAD2DC7F39C0017073B /* Resources */,
			);
			buildRules = (
			);
			dependencies = (
			);
			name = Docme;
			packageProductDependencies = (
			);
			productName = docme;
			productReference = 0D102DAF2DC7F39C0017073B /* Docme.app */;
			productType = "com.apple.product-type.application";
		};
/* End PBXNativeTarget section */

/* Begin PBXProject section */
		0D102DA72DC7F39C0017073B /* Project object */ = {
			isa = PBXProject;
			attributes = {
				BuildIndependentTargetsInParallel = 1;
				LastSwiftUpdateCheck = 1600;
				LastUpgradeCheck = 1600;
				TargetAttributes = {
					0D102DAE2DC7F39C0017073B = {
						CreatedOnToolsVersion = 16.0;
					};
				};
			};
			buildConfigurationList = 0D102DAA2DC7F39C0017073B /* Build configuration list for PBXProject "Docme" */;
			developmentRegion = en;
			hasScannedForEncodings = 0;
			knownRegions = (
				en,
				Base,
			);
			mainGroup = 0D102DA62DC7F39C0017073B;
			minimizedProjectReferenceProxies = 1;
			preferredProjectObjectVersion = 77;
			productRefGroup = 0D102DB02DC7F39C0017073B /* Products */;
			projectDirPath = "";
			projectRoot = "";
			targets = (
				0D102DAE2DC7F39C0017073B /* Docme */,
			);
		};
/* End PBXProject section */

/* Begin PBXResourcesBuildPhase section */
		0D102DAD2DC7F39C0017073B /* Resources */ = {
			isa = PBXResourcesBuildPhase;
			buildActionMask = 2147483647;
			files = (
				0D102DF42DC80D200017073B /* IconImages.xcassets in Resources */,
				0D102DCD2DC7F51F0017073B /* Assets.xcassets in Resources */,
			);
			runOnlyForDeploymentPostprocessing = 0;
		};
/* End PBXResourcesBuildPhase section */

/* Begin PBXSourcesBuildPhase section */
		0D102DAB2DC7F39C0017073B /* Sources */ = {
			isa = PBXSourcesBuildPhase;
			buildActionMask = 2147483647;
			files = (
				0D102E462DCA60830017073B /* MainContent.swift in Sources */,
				0D362F7C2DE6681D003E9262 /* DocumentViewView.swift in Sources */,
				0D102E212DCA31550017073B /* NetworkingService.swift in Sources */,
				0D102E4D2DCAA9720017073B /* DocumentListTabbar.swift in Sources */,
				0D102E252DCA31A60017073B /* Request.swift in Sources */,
				0D362F812DE677A3003E9262 /* DocumentField.swift in Sources */,
				0DCEF1412DDD25650073ED13 /* CloseControlView.swift in Sources */,
				0D102E022DC8D4200017073B /* DocumentCardView.swift in Sources */,
				0DCEF13F2DDD17450073ED13 /* LargeListItemView.swift in Sources */,
				0D102E272DCA31B60017073B /* Response.swift in Sources */,
				0D102E4F2DCAAB920017073B /* InputFieldView.swift in Sources */,
				0D3EA0A92DCBEA4400D987F0 /* Router.swift in Sources */,
				0D102E1D2DC946BD0017073B /* Captions.swift in Sources */,
				0D362F3D2DE625B8003E9262 /* DocumentCreationCoordinator.swift in Sources */,
				0DCEF1212DDBAF060073ED13 /* ImageServiceImpl.swift in Sources */,
				0D102DDE2DC7F7B30017073B /* Color+.swift in Sources */,
				0DCEF1192DCFFD710073ED13 /* UUIDModel.swift in Sources */,
				0D102E542DCAAE6B0017073B /* Collection+.swift in Sources */,
				0D362F292DE1EA9E003E9262 /* View+HideKeybpard.swift in Sources */,
				0DC413B62DCE203100CABC15 /* FolderStorageRepository.swift in Sources */,
				0D362F522DE64DE5003E9262 /* DocumentCreationModel.swift in Sources */,
				0D362F4A2DE631F5003E9262 /* DocumentCreationViewModel.swift in Sources */,
				0DCEF12D2DDBCB3D0073ED13 /* ProfileViewModel.swift in Sources */,
				0D102DF92DC815EA0017073B /* TitleView.swift in Sources */,
				0DCEF11E2DD007B70073ED13 /* DocumentNetworking.swift in Sources */,
				0D102E192DC93C460017073B /* ListItemView.swift in Sources */,
				0D362F792DE6681D003E9262 /* DocumentViewCoordinator.swift in Sources */,
				0DCEF1382DDD12030073ED13 /* ProfileTabbarView.swift in Sources */,
				0D102E392DCA4FA50017073B /* DocumentListView.swift in Sources */,
				0D362F3F2DE62BF8003E9262 /* DocumentCreationView.swift in Sources */,
				0D102DF72DC810050017073B /* String+.swift in Sources */,
				0D362F462DE63002003E9262 /* TitleSecondaryView.swift in Sources */,
				0D362F422DE62D10003E9262 /* DocumentImageEdit.swift in Sources */,
				0DCEF1232DDBAF1E0073ED13 /* ImageService.swift in Sources */,
				0DC413BB2DCE283300CABC15 /* DocumentNetworkingRepository.swift in Sources */,
				0D362F7D2DE6681D003E9262 /* DocumentViewTabbarView.swift in Sources */,
				0D3EA0B12DCBF59100D987F0 /* MainView.swift in Sources */,
				0DCEF0FA2DCE28E30073ED13 /* FolderNetworkingRepository.swift in Sources */,
				0D362F572DE6534D003E9262 /* ToastView.swift in Sources */,
				0DCEF1302DDBCBC50073ED13 /* ProfileView.swift in Sources */,
				0DCEF1102DCFDDA80073ED13 /* DocumentRepository.swift in Sources */,
				0D102DEB2DC806DF0017073B /* Text+.swift in Sources */,
				0DCEF13D2DDD15A50073ED13 /* Profile.swift in Sources */,
				0D102E162DC93B550017073B /* ItemsListView.swift in Sources */,
				0D362F552DE652CB003E9262 /* ToastManager.swift in Sources */,
				0DCEF1062DCE38F30073ED13 /* Folder.swift in Sources */,
				0D102E312DCA4E2C0017073B /* DocumentCardUI.swift in Sources */,
				0D362F352DE3CAC9003E9262 /* DocumentListEventBus.swift in Sources */,
				0D362F2E2DE1F99F003E9262 /* DocumentListTabbar+FilterView.swift in Sources */,
				0D362F322DE1F9B3003E9262 /* DocumentListTabbar+FolderDetailsView.swift in Sources */,
				0D102E362DCA4F2C0017073B /* FolderUI.swift in Sources */,
				0D102E482DCA63B70017073B /* TitledContent.swift in Sources */,
				0D362F482DE63057003E9262 /* DocumentCreationTabbarView.swift in Sources */,
				0DCEF1172DCFEAC10073ED13 /* AppDIContainer.swift in Sources */,
				0DC4139E2DCE193E00CABC15 /* StorageService.swift in Sources */,
				0DCEF11C2DD007AD0073ED13 /* FolderNetworking.swift in Sources */,
				0D102E1B2DC940BC0017073B /* SeparatorView.swift in Sources */,
				0DC413B82DCE256300CABC15 /* DefaultNetworkingServce.swift in Sources */,
				0D362F4F2DE638C8003E9262 /* DocumentCreationProvider.swift in Sources */,
				0D362F7E2DE6681D003E9262 /* DocumentViewProvider.swift in Sources */,
				0D102E002DC818AC0017073B /* View+Shadow.swift in Sources */,
				0DCEF1342DDBD47F0073ED13 /* BaseCoordinatorRouting.swift in Sources */,
				0DCEF1272DDBCAD20073ED13 /* ProfileCoordinator.swift in Sources */,
				0DCEF1042DCE38D80073ED13 /* Document.swift in Sources */,
				0D3EA0C42DCCC8FF00D987F0 /* DocumentCollectionItemView.swift in Sources */,
				0DCEF12A2DDBCAFD0073ED13 /* ProfileProvider.swift in Sources */,
				0D102DF12DC80C890017073B /* ImageIcon.swift in Sources */,
				0D102E0F2DC8F22C0017073B /* Date+.swift in Sources */,
				0D362F302DE1F9A6003E9262 /* DocumentListTabbar+SearchView.swift in Sources */,
				0D362F2C2DE1F97C003E9262 /* DocumentListTabbar+DefaultView.swift in Sources */,
				0D362F7B2DE6681D003E9262 /* DocumentViewViewModel.swift in Sources */,
				0D102DE82DC806B70017073B /* Font.swift in Sources */,
				0D362F372DE62441003E9262 /* PhotoPicker.swift in Sources */,
				0D102DE62DC7FBDE0017073B /* DS.swift in Sources */,
				0D102E402DCA508D0017073B /* DocumentListCoordinator.swift in Sources */,
				0D102E142DC934130017073B /* TagsView.swift in Sources */,
				0DC413AC2DCE1AFC00CABC15 /* ServerChangesResponse.swift in Sources */,
				0D362F7A2DE6681D003E9262 /* DocumentModel.swift in Sources */,
				0DC413B42DCE202500CABC15 /* DocumentStorageRepository.swift in Sources */,
				0D362F442DE62F6A003E9262 /* DescriptionView.swift in Sources */,
				0DCEF13A2DDD14070073ED13 /* TextSectionView.swift in Sources */,
				0DC413AF2DCE1C2B00CABC15 /* AppLogger.swift in Sources */,
				0DCEF1362DDBD6BD0073ED13 /* AppTabbarView.swift in Sources */,
				0D102DEF2DC80C110017073B /* FabView.swift in Sources */,
				0D362F272DE11510003E9262 /* View+ApplyIf.swift in Sources */,
				0D102DD72DC7F6510017073B /* Theme.swift in Sources */,
				0D102E3C2DCA50030017073B /* DocumentListViewModel.swift in Sources */,
				0D102DCF2DC7F51F0017073B /* DocmeApp.swift in Sources */,
				0D102E0C2DC8E3210017073B /* ActivityIndicatorView.swift in Sources */,
				0D102E422DCA50950017073B /* DocumentListProvider.swift in Sources */,
				0DCEF1152DCFDFE20073ED13 /* FolderRepository.swift in Sources */,
				0D3EA0C22DCCC85B00D987F0 /* DocumentCollectionView.swift in Sources */,
			);
			runOnlyForDeploymentPostprocessing = 0;
		};
/* End PBXSourcesBuildPhase section */

/* Begin XCBuildConfiguration section */
		0D102DBD2DC7F39D0017073B /* Debug */ = {
			isa = XCBuildConfiguration;
			buildSettings = {
				ALWAYS_SEARCH_USER_PATHS = NO;
				ASSETCATALOG_COMPILER_GENERATE_SWIFT_ASSET_SYMBOL_EXTENSIONS = YES;
				CLANG_ANALYZER_NONNULL = YES;
				CLANG_ANALYZER_NUMBER_OBJECT_CONVERSION = YES_AGGRESSIVE;
				CLANG_CXX_LANGUAGE_STANDARD = "gnu++20";
				CLANG_ENABLE_MODULES = YES;
				CLANG_ENABLE_OBJC_ARC = YES;
				CLANG_ENABLE_OBJC_WEAK = YES;
				CLANG_WARN_BLOCK_CAPTURE_AUTORELEASING = YES;
				CLANG_WARN_BOOL_CONVERSION = YES;
				CLANG_WARN_COMMA = YES;
				CLANG_WARN_CONSTANT_CONVERSION = YES;
				CLANG_WARN_DEPRECATED_OBJC_IMPLEMENTATIONS = YES;
				CLANG_WARN_DIRECT_OBJC_ISA_USAGE = YES_ERROR;
				CLANG_WARN_DOCUMENTATION_COMMENTS = YES;
				CLANG_WARN_EMPTY_BODY = YES;
				CLANG_WARN_ENUM_CONVERSION = YES;
				CLANG_WARN_INFINITE_RECURSION = YES;
				CLANG_WARN_INT_CONVERSION = YES;
				CLANG_WARN_NON_LITERAL_NULL_CONVERSION = YES;
				CLANG_WARN_OBJC_IMPLICIT_RETAIN_SELF = YES;
				CLANG_WARN_OBJC_LITERAL_CONVERSION = YES;
				CLANG_WARN_OBJC_ROOT_CLASS = YES_ERROR;
				CLANG_WARN_QUOTED_INCLUDE_IN_FRAMEWORK_HEADER = YES;
				CLANG_WARN_RANGE_LOOP_ANALYSIS = YES;
				CLANG_WARN_STRICT_PROTOTYPES = YES;
				CLANG_WARN_SUSPICIOUS_MOVE = YES;
				CLANG_WARN_UNGUARDED_AVAILABILITY = YES_AGGRESSIVE;
				CLANG_WARN_UNREACHABLE_CODE = YES;
				CLANG_WARN__DUPLICATE_METHOD_MATCH = YES;
				COPY_PHASE_STRIP = NO;
				DEBUG_INFORMATION_FORMAT = dwarf;
				ENABLE_STRICT_OBJC_MSGSEND = YES;
				ENABLE_TESTABILITY = YES;
				ENABLE_USER_SCRIPT_SANDBOXING = YES;
				GCC_C_LANGUAGE_STANDARD = gnu17;
				GCC_DYNAMIC_NO_PIC = NO;
				GCC_NO_COMMON_BLOCKS = YES;
				GCC_OPTIMIZATION_LEVEL = 0;
				GCC_PREPROCESSOR_DEFINITIONS = (
					"DEBUG=1",
					"$(inherited)",
				);
				GCC_WARN_64_TO_32_BIT_CONVERSION = YES;
				GCC_WARN_ABOUT_RETURN_TYPE = YES_ERROR;
				GCC_WARN_UNDECLARED_SELECTOR = YES;
				GCC_WARN_UNINITIALIZED_AUTOS = YES_AGGRESSIVE;
				GCC_WARN_UNUSED_FUNCTION = YES;
				GCC_WARN_UNUSED_VARIABLE = YES;
				IPHONEOS_DEPLOYMENT_TARGET = 18.0;
				LOCALIZATION_PREFERS_STRING_CATALOGS = YES;
				MTL_ENABLE_DEBUG_INFO = INCLUDE_SOURCE;
				MTL_FAST_MATH = YES;
				ONLY_ACTIVE_ARCH = YES;
				SDKROOT = iphoneos;
				SWIFT_ACTIVE_COMPILATION_CONDITIONS = "DEBUG $(inherited)";
				SWIFT_OPTIMIZATION_LEVEL = "-Onone";
			};
			name = Debug;
		};
		0D102DBE2DC7F39D0017073B /* Release */ = {
			isa = XCBuildConfiguration;
			buildSettings = {
				ALWAYS_SEARCH_USER_PATHS = NO;
				ASSETCATALOG_COMPILER_GENERATE_SWIFT_ASSET_SYMBOL_EXTENSIONS = YES;
				CLANG_ANALYZER_NONNULL = YES;
				CLANG_ANALYZER_NUMBER_OBJECT_CONVERSION = YES_AGGRESSIVE;
				CLANG_CXX_LANGUAGE_STANDARD = "gnu++20";
				CLANG_ENABLE_MODULES = YES;
				CLANG_ENABLE_OBJC_ARC = YES;
				CLANG_ENABLE_OBJC_WEAK = YES;
				CLANG_WARN_BLOCK_CAPTURE_AUTORELEASING = YES;
				CLANG_WARN_BOOL_CONVERSION = YES;
				CLANG_WARN_COMMA = YES;
				CLANG_WARN_CONSTANT_CONVERSION = YES;
				CLANG_WARN_DEPRECATED_OBJC_IMPLEMENTATIONS = YES;
				CLANG_WARN_DIRECT_OBJC_ISA_USAGE = YES_ERROR;
				CLANG_WARN_DOCUMENTATION_COMMENTS = YES;
				CLANG_WARN_EMPTY_BODY = YES;
				CLANG_WARN_ENUM_CONVERSION = YES;
				CLANG_WARN_INFINITE_RECURSION = YES;
				CLANG_WARN_INT_CONVERSION = YES;
				CLANG_WARN_NON_LITERAL_NULL_CONVERSION = YES;
				CLANG_WARN_OBJC_IMPLICIT_RETAIN_SELF = YES;
				CLANG_WARN_OBJC_LITERAL_CONVERSION = YES;
				CLANG_WARN_OBJC_ROOT_CLASS = YES_ERROR;
				CLANG_WARN_QUOTED_INCLUDE_IN_FRAMEWORK_HEADER = YES;
				CLANG_WARN_RANGE_LOOP_ANALYSIS = YES;
				CLANG_WARN_STRICT_PROTOTYPES = YES;
				CLANG_WARN_SUSPICIOUS_MOVE = YES;
				CLANG_WARN_UNGUARDED_AVAILABILITY = YES_AGGRESSIVE;
				CLANG_WARN_UNREACHABLE_CODE = YES;
				CLANG_WARN__DUPLICATE_METHOD_MATCH = YES;
				COPY_PHASE_STRIP = NO;
				DEBUG_INFORMATION_FORMAT = "dwarf-with-dsym";
				ENABLE_NS_ASSERTIONS = NO;
				ENABLE_STRICT_OBJC_MSGSEND = YES;
				ENABLE_USER_SCRIPT_SANDBOXING = YES;
				GCC_C_LANGUAGE_STANDARD = gnu17;
				GCC_NO_COMMON_BLOCKS = YES;
				GCC_WARN_64_TO_32_BIT_CONVERSION = YES;
				GCC_WARN_ABOUT_RETURN_TYPE = YES_ERROR;
				GCC_WARN_UNDECLARED_SELECTOR = YES;
				GCC_WARN_UNINITIALIZED_AUTOS = YES_AGGRESSIVE;
				GCC_WARN_UNUSED_FUNCTION = YES;
				GCC_WARN_UNUSED_VARIABLE = YES;
				IPHONEOS_DEPLOYMENT_TARGET = 18.0;
				LOCALIZATION_PREFERS_STRING_CATALOGS = YES;
				MTL_ENABLE_DEBUG_INFO = NO;
				MTL_FAST_MATH = YES;
				SDKROOT = iphoneos;
				SWIFT_COMPILATION_MODE = wholemodule;
				VALIDATE_PRODUCT = YES;
			};
			name = Release;
		};
		0D102DC02DC7F39D0017073B /* Debug */ = {
			isa = XCBuildConfiguration;
			buildSettings = {
				ASSETCATALOG_COMPILER_APPICON_NAME = AppIcon;
				ASSETCATALOG_COMPILER_GLOBAL_ACCENT_COLOR_NAME = AccentColor;
				CODE_SIGN_STYLE = Automatic;
				CURRENT_PROJECT_VERSION = 1;
				DEVELOPMENT_TEAM = Z44S759MCV;
				ENABLE_PREVIEWS = YES;
				GENERATE_INFOPLIST_FILE = YES;
				INFOPLIST_KEY_UIApplicationSceneManifest_Generation = YES;
				INFOPLIST_KEY_UIApplicationSupportsIndirectInputEvents = YES;
				INFOPLIST_KEY_UILaunchScreen_Generation = YES;
				INFOPLIST_KEY_UISupportedInterfaceOrientations_iPad = "UIInterfaceOrientationPortrait UIInterfaceOrientationPortraitUpsideDown UIInterfaceOrientationLandscapeLeft UIInterfaceOrientationLandscapeRight";
				INFOPLIST_KEY_UISupportedInterfaceOrientations_iPhone = "UIInterfaceOrientationPortrait UIInterfaceOrientationLandscapeLeft UIInterfaceOrientationLandscapeRight";
				IPHONEOS_DEPLOYMENT_TARGET = 17.0;
				LD_RUNPATH_SEARCH_PATHS = (
					"$(inherited)",
					"@executable_path/Frameworks",
				);
				MARKETING_VERSION = 1.0;
				PRODUCT_BUNDLE_IDENTIFIER = olegenovcodes.docme;
				PRODUCT_NAME = "$(TARGET_NAME)";
				SWIFT_EMIT_LOC_STRINGS = YES;
				SWIFT_VERSION = 5.0;
				TARGETED_DEVICE_FAMILY = "1,2";
			};
			name = Debug;
		};
		0D102DC12DC7F39D0017073B /* Release */ = {
			isa = XCBuildConfiguration;
			buildSettings = {
				ASSETCATALOG_COMPILER_APPICON_NAME = AppIcon;
				ASSETCATALOG_COMPILER_GLOBAL_ACCENT_COLOR_NAME = AccentColor;
				CODE_SIGN_STYLE = Automatic;
				CURRENT_PROJECT_VERSION = 1;
				DEVELOPMENT_TEAM = Z44S759MCV;
				ENABLE_PREVIEWS = YES;
				GENERATE_INFOPLIST_FILE = YES;
				INFOPLIST_KEY_UIApplicationSceneManifest_Generation = YES;
				INFOPLIST_KEY_UIApplicationSupportsIndirectInputEvents = YES;
				INFOPLIST_KEY_UILaunchScreen_Generation = YES;
				INFOPLIST_KEY_UISupportedInterfaceOrientations_iPad = "UIInterfaceOrientationPortrait UIInterfaceOrientationPortraitUpsideDown UIInterfaceOrientationLandscapeLeft UIInterfaceOrientationLandscapeRight";
				INFOPLIST_KEY_UISupportedInterfaceOrientations_iPhone = "UIInterfaceOrientationPortrait UIInterfaceOrientationLandscapeLeft UIInterfaceOrientationLandscapeRight";
				IPHONEOS_DEPLOYMENT_TARGET = 17.0;
				LD_RUNPATH_SEARCH_PATHS = (
					"$(inherited)",
					"@executable_path/Frameworks",
				);
				MARKETING_VERSION = 1.0;
				PRODUCT_BUNDLE_IDENTIFIER = olegenovcodes.docme;
				PRODUCT_NAME = "$(TARGET_NAME)";
				SWIFT_EMIT_LOC_STRINGS = YES;
				SWIFT_VERSION = 5.0;
				TARGETED_DEVICE_FAMILY = "1,2";
			};
			name = Release;
		};
/* End XCBuildConfiguration section */

/* Begin XCConfigurationList section */
		0D102DAA2DC7F39C0017073B /* Build configuration list for PBXProject "Docme" */ = {
			isa = XCConfigurationList;
			buildConfigurations = (
				0D102DBD2DC7F39D0017073B /* Debug */,
				0D102DBE2DC7F39D0017073B /* Release */,
			);
			defaultConfigurationIsVisible = 0;
			defaultConfigurationName = Release;
		};
		0D102DBF2DC7F39D0017073B /* Build configuration list for PBXNativeTarget "Docme" */ = {
			isa = XCConfigurationList;
			buildConfigurations = (
				0D102DC02DC7F39D0017073B /* Debug */,
				0D102DC12DC7F39D0017073B /* Release */,
			);
			defaultConfigurationIsVisible = 0;
			defaultConfigurationName = Release;
		};
/* End XCConfigurationList section */
	};
	rootObject = 0D102DA72DC7F39C0017073B /* Project object */;
}
